// !$*UTF8*$!
{
	archiveVersion = 1;
	classes = {
	};
	objectVersion = 50;
	objects = {

/* Begin PBXBuildFile section */
		F960747D24E061ED00EA24BE /* AppDelegate.swift in Sources */ = {isa = PBXBuildFile; fileRef = F960747C24E061ED00EA24BE /* AppDelegate.swift */; };
		F960747F24E061ED00EA24BE /* SceneDelegate.swift in Sources */ = {isa = PBXBuildFile; fileRef = F960747E24E061ED00EA24BE /* SceneDelegate.swift */; };
		F960748124E061ED00EA24BE /* ViewController.swift in Sources */ = {isa = PBXBuildFile; fileRef = F960748024E061ED00EA24BE /* ViewController.swift */; };
		F960748424E061ED00EA24BE /* Main.storyboard in Resources */ = {isa = PBXBuildFile; fileRef = F960748224E061ED00EA24BE /* Main.storyboard */; };
		F960748624E061EE00EA24BE /* Assets.xcassets in Resources */ = {isa = PBXBuildFile; fileRef = F960748524E061EE00EA24BE /* Assets.xcassets */; };
		F960748924E061EE00EA24BE /* LaunchScreen.storyboard in Resources */ = {isa = PBXBuildFile; fileRef = F960748724E061EE00EA24BE /* LaunchScreen.storyboard */; };
		F960749124E0632D00EA24BE /* Extension.swift in Sources */ = {isa = PBXBuildFile; fileRef = F960749024E0632D00EA24BE /* Extension.swift */; };
/* End PBXBuildFile section */

/* Begin PBXFileReference section */
		F960747924E061ED00EA24BE /* loadImageFromServerTest.app */ = {isa = PBXFileReference; explicitFileType = wrapper.application; includeInIndex = 0; path = loadImageFromServerTest.app; sourceTree = BUILT_PRODUCTS_DIR; };
		F960747C24E061ED00EA24BE /* AppDelegate.swift */ = {isa = PBXFileReference; lastKnownFileType = sourcecode.swift; path = AppDelegate.swift; sourceTree = "<group>"; };
		F960747E24E061ED00EA24BE /* SceneDelegate.swift */ = {isa = PBXFileReference; lastKnownFileType = sourcecode.swift; path = SceneDelegate.swift; sourceTree = "<group>"; };
		F960748024E061ED00EA24BE /* ViewController.swift */ = {isa = PBXFileReference; lastKnownFileType = sourcecode.swift; path = ViewController.swift; sourceTree = "<group>"; };
		F960748324E061ED00EA24BE /* Base */ = {isa = PBXFileReference; lastKnownFileType = file.storyboard; name = Base; path = Base.lproj/Main.storyboard; sourceTree = "<group>"; };
		F960748524E061EE00EA24BE /* Assets.xcassets */ = {isa = PBXFileReference; lastKnownFileType = folder.assetcatalog; path = Assets.xcassets; sourceTree = "<group>"; };
		F960748824E061EE00EA24BE /* Base */ = {isa = PBXFileReference; lastKnownFileType = file.storyboard; name = Base; path = Base.lproj/LaunchScreen.storyboard; sourceTree = "<group>"; };
		F960748A24E061EE00EA24BE /* Info.plist */ = {isa = PBXFileReference; lastKnownFileType = text.plist.xml; path = Info.plist; sourceTree = "<group>"; };
		F960749024E0632D00EA24BE /* Extension.swift */ = {isa = PBXFileReference; lastKnownFileType = sourcecode.swift; path = Extension.swift; sourceTree = "<group>"; };
/* End PBXFileReference section */

/* Begin PBXFrameworksBuildPhase section */
		F960747624E061ED00EA24BE /* Frameworks */ = {
			isa = PBXFrameworksBuildPhase;
			buildActionMask = 2147483647;
			files = (
			);
			runOnlyForDeploymentPostprocessing = 0;
		};
/* End PBXFrameworksBuildPhase section */

/* Begin PBXGroup section */
		F960747024E061ED00EA24BE = {
			isa = PBXGroup;
			children = (
				F960747B24E061ED00EA24BE /* loadImageFromServerTest */,
				F960747A24E061ED00EA24BE /* Products */,
			);
			sourceTree = "<group>";
		};
		F960747A24E061ED00EA24BE /* Products */ = {
			isa = PBXGroup;
			children = (
				F960747924E061ED00EA24BE /* loadImageFromServerTest.app */,
			);
			name = Products;
			sourceTree = "<group>";
		};
		F960747B24E061ED00EA24BE /* loadImageFromServerTest */ = {
			isa = PBXGroup;
			children = (
				F960747C24E061ED00EA24BE /* AppDelegate.swift */,
				F960747E24E061ED00EA24BE /* SceneDelegate.swift */,
				F960748024E061ED00EA24BE /* ViewController.swift */,
				F960748224E061ED00EA24BE /* Main.storyboard */,
				F960748524E061EE00EA24BE /* Assets.xcassets */,
				F960748724E061EE00EA24BE /* LaunchScreen.storyboard */,
				F960748A24E061EE00EA24BE /* Info.plist */,
				F960749024E0632D00EA24BE /* Extension.swift */,
			);
			path = loadImageFromServerTest;
			sourceTree = "<group>";
		};
/* End PBXGroup section */

/* Begin PBXNativeTarget section */
		F960747824E061ED00EA24BE /* loadImageFromServerTest */ = {
			isa = PBXNativeTarget;
			buildConfigurationList = F960748D24E061EE00EA24BE /* Build configuration list for PBXNativeTarget "loadImageFromServerTest" */;
			buildPhases = (
				F960747524E061ED00EA24BE /* Sources */,
				F960747624E061ED00EA24BE /* Frameworks */,
				F960747724E061ED00EA24BE /* Resources */,
			);
			buildRules = (
			);
			dependencies = (
			);
			name = loadImageFromServerTest;
			productName = loadImageFromServerTest;
			productReference = F960747924E061ED00EA24BE /* loadImageFromServerTest.app */;
			productType = "com.apple.product-type.application";
		};
/* End PBXNativeTarget section */

/* Begin PBXProject section */
		F960747124E061ED00EA24BE /* Project object */ = {
			isa = PBXProject;
			attributes = {
				LastSwiftUpdateCheck = 1160;
				LastUpgradeCheck = 1160;
				ORGANIZATIONNAME = "김수환";
				TargetAttributes = {
					F960747824E061ED00EA24BE = {
						CreatedOnToolsVersion = 11.6;
					};
				};
			};
			buildConfigurationList = F960747424E061ED00EA24BE /* Build configuration list for PBXProject "loadImageFromServerTest" */;
			compatibilityVersion = "Xcode 9.3";
			developmentRegion = en;
			hasScannedForEncodings = 0;
			knownRegions = (
				en,
				Base,
			);
			mainGroup = F960747024E061ED00EA24BE;
			productRefGroup = F960747A24E061ED00EA24BE /* Products */;
			projectDirPath = "";
			projectRoot = "";
			targets = (
				F960747824E061ED00EA24BE /* loadImageFromServerTest */,
			);
		};
/* End PBXProject section */

/* Begin PBXResourcesBuildPhase section */
		F960747724E061ED00EA24BE /* Resources */ = {
			isa = PBXResourcesBuildPhase;
			buildActionMask = 2147483647;
			files = (
				F960748924E061EE00EA24BE /* LaunchScreen.storyboard in Resources */,
				F960748624E061EE00EA24BE /* Assets.xcassets in Resources */,
				F960748424E061ED00EA24BE /* Main.storyboard in Resources */,
			);
			runOnlyForDeploymentPostprocessing = 0;
		};
/* End PBXResourcesBuildPhase section */

/* Begin PBXSourcesBuildPhase section */
		F960747524E061ED00EA24BE /* Sources */ = {
			isa = PBXSourcesBuildPhase;
			buildActionMask = 2147483647;
			files = (
				F960748124E061ED00EA24BE /* ViewController.swift in Sources */,
				F960747D24E061ED00EA24BE /* AppDelegate.swift in Sources */,
				F960747F24E061ED00EA24BE /* SceneDelegate.swift in Sources */,
				F960749124E0632D00EA24BE /* Extension.swift in Sources */,
			);
			runOnlyForDeploymentPostprocessing = 0;
		};
/* End PBXSourcesBuildPhase section */

/* Begin PBXVariantGroup section */
		F960748224E061ED00EA24BE /* Main.storyboard */ = {
			isa = PBXVariantGroup;
			children = (
				F960748324E061ED00EA24BE /* Base */,
			);
			name = Main.storyboard;
			sourceTree = "<group>";
		};
		F960748724E061EE00EA24BE /* LaunchScreen.storyboard */ = {
			isa = PBXVariantGroup;
			children = (
				F960748824E061EE00EA24BE /* Base */,
			);
			name = LaunchScreen.storyboard;
			sourceTree = "<group>";
		};
/* End PBXVariantGroup section */

/* Begin XCBuildConfiguration section */
		F960748B24E061EE00EA24BE /* Debug */ = {
			isa = XCBuildConfiguration;
			buildSettings = {
				ALWAYS_SEARCH_USER_PATHS = NO;
				CLANG_ANALYZER_NONNULL = YES;
				CLANG_ANALYZER_NUMBER_OBJECT_CONVERSION = YES_AGGRESSIVE;
				CLANG_CXX_LANGUAGE_STANDARD = "gnu++14";
				CLANG_CXX_LIBRARY = "libc++";
				CLANG_ENABLE_MODULES = YES;
				CLANG_ENABLE_OBJC_ARC = YES;
				CLANG_ENABLE_OBJC_WEAK = YES;
				CLANG_WARN_BLOCK_CAPTURE_AUTORELEASING = YES;
				CLANG_WARN_BOOL_CONVERSION = YES;
				CLANG_WARN_COMMA = YES;
				CLANG_WARN_CONSTANT_CONVERSION = YES;
				CLANG_WARN_DEPRECATED_OBJC_IMPLEMENTATIONS = YES;
				CLANG_WARN_DIRECT_OBJC_ISA_USAGE = YES_ERROR;
				CLANG_WARN_DOCUMENTATION_COMMENTS = YES;
				CLANG_WARN_EMPTY_BODY = YES;
				CLANG_WARN_ENUM_CONVERSION = YES;
				CLANG_WARN_INFINITE_RECURSION = YES;
				CLANG_WARN_INT_CONVERSION = YES;
				CLANG_WARN_NON_LITERAL_NULL_CONVERSION = YES;
				CLANG_WARN_OBJC_IMPLICIT_RETAIN_SELF = YES;
				CLANG_WARN_OBJC_LITERAL_CONVERSION = YES;
				CLANG_WARN_OBJC_ROOT_CLASS = YES_ERROR;
				CLANG_WARN_RANGE_LOOP_ANALYSIS = YES;
				CLANG_WARN_STRICT_PROTOTYPES = YES;
				CLANG_WARN_SUSPICIOUS_MOVE = YES;
				CLANG_WARN_UNGUARDED_AVAILABILITY = YES_AGGRESSIVE;
				CLANG_WARN_UNREACHABLE_CODE = YES;
				CLANG_WARN__DUPLICATE_METHOD_MATCH = YES;
				COPY_PHASE_STRIP = NO;
				DEBUG_INFORMATION_FORMAT = dwarf;
				ENABLE_STRICT_OBJC_MSGSEND = YES;
				ENABLE_TESTABILITY = YES;
				GCC_C_LANGUAGE_STANDARD = gnu11;
				GCC_DYNAMIC_NO_PIC = NO;
				GCC_NO_COMMON_BLOCKS = YES;
				GCC_OPTIMIZATION_LEVEL = 0;
				GCC_PREPROCESSOR_DEFINITIONS = (
					"DEBUG=1",
					"$(inherited)",
				);
				GCC_WARN_64_TO_32_BIT_CONVERSION = YES;
				GCC_WARN_ABOUT_RETURN_TYPE = YES_ERROR;
				GCC_WARN_UNDECLARED_SELECTOR = YES;
				GCC_WARN_UNINITIALIZED_AUTOS = YES_AGGRESSIVE;
				GCC_WARN_UNUSED_FUNCTION = YES;
				GCC_WARN_UNUSED_VARIABLE = YES;
				IPHONEOS_DEPLOYMENT_TARGET = 13.6;
				MTL_ENABLE_DEBUG_INFO = INCLUDE_SOURCE;
				MTL_FAST_MATH = YES;
				ONLY_ACTIVE_ARCH = YES;
				SDKROOT = iphoneos;
				SWIFT_ACTIVE_COMPILATION_CONDITIONS = DEBUG;
				SWIFT_OPTIMIZATION_LEVEL = "-Onone";
			};
			name = Debug;
		};
		F960748C24E061EE00EA24BE /* Release */ = {
			isa = XCBuildConfiguration;
			buildSettings = {
				ALWAYS_SEARCH_USER_PATHS = NO;
				CLANG_ANALYZER_NONNULL = YES;
				CLANG_ANALYZER_NUMBER_OBJECT_CONVERSION = YES_AGGRESSIVE;
				CLANG_CXX_LANGUAGE_STANDARD = "gnu++14";
				CLANG_CXX_LIBRARY = "libc++";
				CLANG_ENABLE_MODULES = YES;
				CLANG_ENABLE_OBJC_ARC = YES;
				CLANG_ENABLE_OBJC_WEAK = YES;
				CLANG_WARN_BLOCK_CAPTURE_AUTORELEASING = YES;
				CLANG_WARN_BOOL_CONVERSION = YES;
				CLANG_WARN_COMMA = YES;
				CLANG_WARN_CONSTANT_CONVERSION = YES;
				CLANG_WARN_DEPRECATED_OBJC_IMPLEMENTATIONS = YES;
				CLANG_WARN_DIRECT_OBJC_ISA_USAGE = YES_ERROR;
				CLANG_WARN_DOCUMENTATION_COMMENTS = YES;
				CLANG_WARN_EMPTY_BODY = YES;
				CLANG_WARN_ENUM_CONVERSION = YES;
				CLANG_WARN_INFINITE_RECURSION = YES;
				CLANG_WARN_INT_CONVERSION = YES;
				CLANG_WARN_NON_LITERAL_NULL_CONVERSION = YES;
				CLANG_WARN_OBJC_IMPLICIT_RETAIN_SELF = YES;
				CLANG_WARN_OBJC_LITERAL_CONVERSION = YES;
				CLANG_WARN_OBJC_ROOT_CLASS = YES_ERROR;
				CLANG_WARN_RANGE_LOOP_ANALYSIS = YES;
				CLANG_WARN_STRICT_PROTOTYPES = YES;
				CLANG_WARN_SUSPICIOUS_MOVE = YES;
				CLANG_WARN_UNGUARDED_AVAILABILITY = YES_AGGRESSIVE;
				CLANG_WARN_UNREACHABLE_CODE = YES;
				CLANG_WARN__DUPLICATE_METHOD_MATCH = YES;
				COPY_PHASE_STRIP = NO;
				DEBUG_INFORMATION_FORMAT = "dwarf-with-dsym";
				ENABLE_NS_ASSERTIONS = NO;
				ENABLE_STRICT_OBJC_MSGSEND = YES;
				GCC_C_LANGUAGE_STANDARD = gnu11;
				GCC_NO_COMMON_BLOCKS = YES;
				GCC_WARN_64_TO_32_BIT_CONVERSION = YES;
				GCC_WARN_ABOUT_RETURN_TYPE = YES_ERROR;
				GCC_WARN_UNDECLARED_SELECTOR = YES;
				GCC_WARN_UNINITIALIZED_AUTOS = YES_AGGRESSIVE;
				GCC_WARN_UNUSED_FUNCTION = YES;
				GCC_WARN_UNUSED_VARIABLE = YES;
				IPHONEOS_DEPLOYMENT_TARGET = 13.6;
				MTL_ENABLE_DEBUG_INFO = NO;
				MTL_FAST_MATH = YES;
				SDKROOT = iphoneos;
				SWIFT_COMPILATION_MODE = wholemodule;
				SWIFT_OPTIMIZATION_LEVEL = "-O";
				VALIDATE_PRODUCT = YES;
			};
			name = Release;
		};
		F960748E24E061EE00EA24BE /* Debug */ = {
			isa = XCBuildConfiguration;
			buildSettings = {
				ASSETCATALOG_COMPILER_APPICON_NAME = AppIcon;
				CODE_SIGN_STYLE = Automatic;
				INFOPLIST_FILE = loadImageFromServerTest/Info.plist;
				LD_RUNPATH_SEARCH_PATHS = (
					"$(inherited)",
					"@executable_path/Frameworks",
				);
				PRODUCT_BUNDLE_IDENTIFIER = com.tkgka.loadImageFromServerTest;
				PRODUCT_NAME = "$(TARGET_NAME)";
				SWIFT_VERSION = 5.0;
				TARGETED_DEVICE_FAMILY = "1,2";
			};
			name = Debug;
		};
		F960748F24E061EE00EA24BE /* Release */ = {
			isa = XCBuildConfiguration;
			buildSettings = {
				ASSETCATALOG_COMPILER_APPICON_NAME = AppIcon;
				CODE_SIGN_STYLE = Automatic;
				INFOPLIST_FILE = loadImageFromServerTest/Info.plist;
				LD_RUNPATH_SEARCH_PATHS = (
					"$(inherited)",
					"@executable_path/Frameworks",
				);
				PRODUCT_BUNDLE_IDENTIFIER = com.tkgka.loadImageFromServerTest;
				PRODUCT_NAME = "$(TARGET_NAME)";
				SWIFT_VERSION = 5.0;
				TARGETED_DEVICE_FAMILY = "1,2";
			};
			name = Release;
		};
/* End XCBuildConfiguration section */

/* Begin XCConfigurationList section */
		F960747424E061ED00EA24BE /* Build configuration list for PBXProject "loadImageFromServerTest" */ = {
			isa = XCConfigurationList;
			buildConfigurations = (
				F960748B24E061EE00EA24BE /* Debug */,
				F960748C24E061EE00EA24BE /* Release */,
			);
			defaultConfigurationIsVisible = 0;
			defaultConfigurationName = Release;
		};
		F960748D24E061EE00EA24BE /* Build configuration list for PBXNativeTarget "loadImageFromServerTest" */ = {
			isa = XCConfigurationList;
			buildConfigurations = (
				F960748E24E061EE00EA24BE /* Debug */,
				F960748F24E061EE00EA24BE /* Release */,
			);
			defaultConfigurationIsVisible = 0;
			defaultConfigurationName = Release;
		};
/* End XCConfigurationList section */
	};
	rootObject = F960747124E061ED00EA24BE /* Project object */;
}
