// !$*UTF8*$!
{
	archiveVersion = 1;
	classes = {
	};
	objectVersion = 50;
	objects = {

/* Begin PBXBuildFile section */
		F932FB7F24D8003D0042732F /* AppDelegate.swift in Sources */ = {isa = PBXBuildFile; fileRef = F932FB7E24D8003D0042732F /* AppDelegate.swift */; };
		F932FB8124D8003D0042732F /* SceneDelegate.swift in Sources */ = {isa = PBXBuildFile; fileRef = F932FB8024D8003D0042732F /* SceneDelegate.swift */; };
		F932FB8324D8003D0042732F /* ViewController.swift in Sources */ = {isa = PBXBuildFile; fileRef = F932FB8224D8003D0042732F /* ViewController.swift */; };
		F932FB8624D8003D0042732F /* Main.storyboard in Resources */ = {isa = PBXBuildFile; fileRef = F932FB8424D8003D0042732F /* Main.storyboard */; };
		F932FB8824D8003D0042732F /* Assets.xcassets in Resources */ = {isa = PBXBuildFile; fileRef = F932FB8724D8003D0042732F /* Assets.xcassets */; };
		F932FB8B24D8003D0042732F /* LaunchScreen.storyboard in Resources */ = {isa = PBXBuildFile; fileRef = F932FB8924D8003D0042732F /* LaunchScreen.storyboard */; };
		F932FB9324D803D30042732F /* ViewControllerModifyProfile.swift in Sources */ = {isa = PBXBuildFile; fileRef = F932FB9224D803D30042732F /* ViewControllerModifyProfile.swift */; };
/* End PBXBuildFile section */

/* Begin PBXFileReference section */
		F932FB7B24D8003D0042732F /* PostTest.app */ = {isa = PBXFileReference; explicitFileType = wrapper.application; includeInIndex = 0; path = PostTest.app; sourceTree = BUILT_PRODUCTS_DIR; };
		F932FB7E24D8003D0042732F /* AppDelegate.swift */ = {isa = PBXFileReference; lastKnownFileType = sourcecode.swift; path = AppDelegate.swift; sourceTree = "<group>"; };
		F932FB8024D8003D0042732F /* SceneDelegate.swift */ = {isa = PBXFileReference; lastKnownFileType = sourcecode.swift; path = SceneDelegate.swift; sourceTree = "<group>"; };
		F932FB8224D8003D0042732F /* ViewController.swift */ = {isa = PBXFileReference; lastKnownFileType = sourcecode.swift; path = ViewController.swift; sourceTree = "<group>"; };
		F932FB8524D8003D0042732F /* Base */ = {isa = PBXFileReference; lastKnownFileType = file.storyboard; name = Base; path = Base.lproj/Main.storyboard; sourceTree = "<group>"; };
		F932FB8724D8003D0042732F /* Assets.xcassets */ = {isa = PBXFileReference; lastKnownFileType = folder.assetcatalog; path = Assets.xcassets; sourceTree = "<group>"; };
		F932FB8A24D8003D0042732F /* Base */ = {isa = PBXFileReference; lastKnownFileType = file.storyboard; name = Base; path = Base.lproj/LaunchScreen.storyboard; sourceTree = "<group>"; };
		F932FB8C24D8003D0042732F /* Info.plist */ = {isa = PBXFileReference; lastKnownFileType = text.plist.xml; path = Info.plist; sourceTree = "<group>"; };
		F932FB9224D803D30042732F /* ViewControllerModifyProfile.swift */ = {isa = PBXFileReference; lastKnownFileType = sourcecode.swift; path = ViewControllerModifyProfile.swift; sourceTree = "<group>"; };
/* End PBXFileReference section */

/* Begin PBXFrameworksBuildPhase section */
		F932FB7824D8003D0042732F /* Frameworks */ = {
			isa = PBXFrameworksBuildPhase;
			buildActionMask = 2147483647;
			files = (
			);
			runOnlyForDeploymentPostprocessing = 0;
		};
/* End PBXFrameworksBuildPhase section */

/* Begin PBXGroup section */
		F932FB7224D8003C0042732F = {
			isa = PBXGroup;
			children = (
				F932FB7D24D8003D0042732F /* PostTest */,
				F932FB7C24D8003D0042732F /* Products */,
			);
			sourceTree = "<group>";
		};
		F932FB7C24D8003D0042732F /* Products */ = {
			isa = PBXGroup;
			children = (
				F932FB7B24D8003D0042732F /* PostTest.app */,
			);
			name = Products;
			sourceTree = "<group>";
		};
		F932FB7D24D8003D0042732F /* PostTest */ = {
			isa = PBXGroup;
			children = (
				F932FB7E24D8003D0042732F /* AppDelegate.swift */,
				F932FB8024D8003D0042732F /* SceneDelegate.swift */,
				F932FB8224D8003D0042732F /* ViewController.swift */,
				F932FB8424D8003D0042732F /* Main.storyboard */,
				F932FB8724D8003D0042732F /* Assets.xcassets */,
				F932FB8924D8003D0042732F /* LaunchScreen.storyboard */,
				F932FB8C24D8003D0042732F /* Info.plist */,
				F932FB9224D803D30042732F /* ViewControllerModifyProfile.swift */,
			);
			path = PostTest;
			sourceTree = "<group>";
		};
/* End PBXGroup section */

/* Begin PBXNativeTarget section */
		F932FB7A24D8003D0042732F /* PostTest */ = {
			isa = PBXNativeTarget;
			buildConfigurationList = F932FB8F24D8003D0042732F /* Build configuration list for PBXNativeTarget "PostTest" */;
			buildPhases = (
				F932FB7724D8003D0042732F /* Sources */,
				F932FB7824D8003D0042732F /* Frameworks */,
				F932FB7924D8003D0042732F /* Resources */,
			);
			buildRules = (
			);
			dependencies = (
			);
			name = PostTest;
			productName = PostTest;
			productReference = F932FB7B24D8003D0042732F /* PostTest.app */;
			productType = "com.apple.product-type.application";
		};
/* End PBXNativeTarget section */

/* Begin PBXProject section */
		F932FB7324D8003D0042732F /* Project object */ = {
			isa = PBXProject;
			attributes = {
				LastSwiftUpdateCheck = 1160;
				LastUpgradeCheck = 1160;
				ORGANIZATIONNAME = "김수환";
				TargetAttributes = {
					F932FB7A24D8003D0042732F = {
						CreatedOnToolsVersion = 11.6;
					};
				};
			};
			buildConfigurationList = F932FB7624D8003D0042732F /* Build configuration list for PBXProject "PostTest" */;
			compatibilityVersion = "Xcode 9.3";
			developmentRegion = en;
			hasScannedForEncodings = 0;
			knownRegions = (
				en,
				Base,
			);
			mainGroup = F932FB7224D8003C0042732F;
			productRefGroup = F932FB7C24D8003D0042732F /* Products */;
			projectDirPath = "";
			projectRoot = "";
			targets = (
				F932FB7A24D8003D0042732F /* PostTest */,
			);
		};
/* End PBXProject section */

/* Begin PBXResourcesBuildPhase section */
		F932FB7924D8003D0042732F /* Resources */ = {
			isa = PBXResourcesBuildPhase;
			buildActionMask = 2147483647;
			files = (
				F932FB8B24D8003D0042732F /* LaunchScreen.storyboard in Resources */,
				F932FB8824D8003D0042732F /* Assets.xcassets in Resources */,
				F932FB8624D8003D0042732F /* Main.storyboard in Resources */,
			);
			runOnlyForDeploymentPostprocessing = 0;
		};
/* End PBXResourcesBuildPhase section */

/* Begin PBXSourcesBuildPhase section */
		F932FB7724D8003D0042732F /* Sources */ = {
			isa = PBXSourcesBuildPhase;
			buildActionMask = 2147483647;
			files = (
				F932FB9324D803D30042732F /* ViewControllerModifyProfile.swift in Sources */,
				F932FB8324D8003D0042732F /* ViewController.swift in Sources */,
				F932FB7F24D8003D0042732F /* AppDelegate.swift in Sources */,
				F932FB8124D8003D0042732F /* SceneDelegate.swift in Sources */,
			);
			runOnlyForDeploymentPostprocessing = 0;
		};
/* End PBXSourcesBuildPhase section */

/* Begin PBXVariantGroup section */
		F932FB8424D8003D0042732F /* Main.storyboard */ = {
			isa = PBXVariantGroup;
			children = (
				F932FB8524D8003D0042732F /* Base */,
			);
			name = Main.storyboard;
			sourceTree = "<group>";
		};
		F932FB8924D8003D0042732F /* LaunchScreen.storyboard */ = {
			isa = PBXVariantGroup;
			children = (
				F932FB8A24D8003D0042732F /* Base */,
			);
			name = LaunchScreen.storyboard;
			sourceTree = "<group>";
		};
/* End PBXVariantGroup section */

/* Begin XCBuildConfiguration section */
		F932FB8D24D8003D0042732F /* Debug */ = {
			isa = XCBuildConfiguration;
			buildSettings = {
				ALWAYS_SEARCH_USER_PATHS = NO;
				CLANG_ANALYZER_NONNULL = YES;
				CLANG_ANALYZER_NUMBER_OBJECT_CONVERSION = YES_AGGRESSIVE;
				CLANG_CXX_LANGUAGE_STANDARD = "gnu++14";
				CLANG_CXX_LIBRARY = "libc++";
				CLANG_ENABLE_MODULES = YES;
				CLANG_ENABLE_OBJC_ARC = YES;
				CLANG_ENABLE_OBJC_WEAK = YES;
				CLANG_WARN_BLOCK_CAPTURE_AUTORELEASING = YES;
				CLANG_WARN_BOOL_CONVERSION = YES;
				CLANG_WARN_COMMA = YES;
				CLANG_WARN_CONSTANT_CONVERSION = YES;
				CLANG_WARN_DEPRECATED_OBJC_IMPLEMENTATIONS = YES;
				CLANG_WARN_DIRECT_OBJC_ISA_USAGE = YES_ERROR;
				CLANG_WARN_DOCUMENTATION_COMMENTS = YES;
				CLANG_WARN_EMPTY_BODY = YES;
				CLANG_WARN_ENUM_CONVERSION = YES;
				CLANG_WARN_INFINITE_RECURSION = YES;
				CLANG_WARN_INT_CONVERSION = YES;
				CLANG_WARN_NON_LITERAL_NULL_CONVERSION = YES;
				CLANG_WARN_OBJC_IMPLICIT_RETAIN_SELF = YES;
				CLANG_WARN_OBJC_LITERAL_CONVERSION = YES;
				CLANG_WARN_OBJC_ROOT_CLASS = YES_ERROR;
				CLANG_WARN_RANGE_LOOP_ANALYSIS = YES;
				CLANG_WARN_STRICT_PROTOTYPES = YES;
				CLANG_WARN_SUSPICIOUS_MOVE = YES;
				CLANG_WARN_UNGUARDED_AVAILABILITY = YES_AGGRESSIVE;
				CLANG_WARN_UNREACHABLE_CODE = YES;
				CLANG_WARN__DUPLICATE_METHOD_MATCH = YES;
				COPY_PHASE_STRIP = NO;
				DEBUG_INFORMATION_FORMAT = dwarf;
				ENABLE_STRICT_OBJC_MSGSEND = YES;
				ENABLE_TESTABILITY = YES;
				GCC_C_LANGUAGE_STANDARD = gnu11;
				GCC_DYNAMIC_NO_PIC = NO;
				GCC_NO_COMMON_BLOCKS = YES;
				GCC_OPTIMIZATION_LEVEL = 0;
				GCC_PREPROCESSOR_DEFINITIONS = (
					"DEBUG=1",
					"$(inherited)",
				);
				GCC_WARN_64_TO_32_BIT_CONVERSION = YES;
				GCC_WARN_ABOUT_RETURN_TYPE = YES_ERROR;
				GCC_WARN_UNDECLARED_SELECTOR = YES;
				GCC_WARN_UNINITIALIZED_AUTOS = YES_AGGRESSIVE;
				GCC_WARN_UNUSED_FUNCTION = YES;
				GCC_WARN_UNUSED_VARIABLE = YES;
				IPHONEOS_DEPLOYMENT_TARGET = 13.6;
				MTL_ENABLE_DEBUG_INFO = INCLUDE_SOURCE;
				MTL_FAST_MATH = YES;
				ONLY_ACTIVE_ARCH = YES;
				SDKROOT = iphoneos;
				SWIFT_ACTIVE_COMPILATION_CONDITIONS = DEBUG;
				SWIFT_OPTIMIZATION_LEVEL = "-Onone";
			};
			name = Debug;
		};
		F932FB8E24D8003D0042732F /* Release */ = {
			isa = XCBuildConfiguration;
			buildSettings = {
				ALWAYS_SEARCH_USER_PATHS = NO;
				CLANG_ANALYZER_NONNULL = YES;
				CLANG_ANALYZER_NUMBER_OBJECT_CONVERSION = YES_AGGRESSIVE;
				CLANG_CXX_LANGUAGE_STANDARD = "gnu++14";
				CLANG_CXX_LIBRARY = "libc++";
				CLANG_ENABLE_MODULES = YES;
				CLANG_ENABLE_OBJC_ARC = YES;
				CLANG_ENABLE_OBJC_WEAK = YES;
				CLANG_WARN_BLOCK_CAPTURE_AUTORELEASING = YES;
				CLANG_WARN_BOOL_CONVERSION = YES;
				CLANG_WARN_COMMA = YES;
				CLANG_WARN_CONSTANT_CONVERSION = YES;
				CLANG_WARN_DEPRECATED_OBJC_IMPLEMENTATIONS = YES;
				CLANG_WARN_DIRECT_OBJC_ISA_USAGE = YES_ERROR;
				CLANG_WARN_DOCUMENTATION_COMMENTS = YES;
				CLANG_WARN_EMPTY_BODY = YES;
				CLANG_WARN_ENUM_CONVERSION = YES;
				CLANG_WARN_INFINITE_RECURSION = YES;
				CLANG_WARN_INT_CONVERSION = YES;
				CLANG_WARN_NON_LITERAL_NULL_CONVERSION = YES;
				CLANG_WARN_OBJC_IMPLICIT_RETAIN_SELF = YES;
				CLANG_WARN_OBJC_LITERAL_CONVERSION = YES;
				CLANG_WARN_OBJC_ROOT_CLASS = YES_ERROR;
				CLANG_WARN_RANGE_LOOP_ANALYSIS = YES;
				CLANG_WARN_STRICT_PROTOTYPES = YES;
				CLANG_WARN_SUSPICIOUS_MOVE = YES;
				CLANG_WARN_UNGUARDED_AVAILABILITY = YES_AGGRESSIVE;
				CLANG_WARN_UNREACHABLE_CODE = YES;
				CLANG_WARN__DUPLICATE_METHOD_MATCH = YES;
				COPY_PHASE_STRIP = NO;
				DEBUG_INFORMATION_FORMAT = "dwarf-with-dsym";
				ENABLE_NS_ASSERTIONS = NO;
				ENABLE_STRICT_OBJC_MSGSEND = YES;
				GCC_C_LANGUAGE_STANDARD = gnu11;
				GCC_NO_COMMON_BLOCKS = YES;
				GCC_WARN_64_TO_32_BIT_CONVERSION = YES;
				GCC_WARN_ABOUT_RETURN_TYPE = YES_ERROR;
				GCC_WARN_UNDECLARED_SELECTOR = YES;
				GCC_WARN_UNINITIALIZED_AUTOS = YES_AGGRESSIVE;
				GCC_WARN_UNUSED_FUNCTION = YES;
				GCC_WARN_UNUSED_VARIABLE = YES;
				IPHONEOS_DEPLOYMENT_TARGET = 13.6;
				MTL_ENABLE_DEBUG_INFO = NO;
				MTL_FAST_MATH = YES;
				SDKROOT = iphoneos;
				SWIFT_COMPILATION_MODE = wholemodule;
				SWIFT_OPTIMIZATION_LEVEL = "-O";
				VALIDATE_PRODUCT = YES;
			};
			name = Release;
		};
		F932FB9024D8003D0042732F /* Debug */ = {
			isa = XCBuildConfiguration;
			buildSettings = {
				ASSETCATALOG_COMPILER_APPICON_NAME = AppIcon;
				CODE_SIGN_STYLE = Automatic;
				INFOPLIST_FILE = PostTest/Info.plist;
				LD_RUNPATH_SEARCH_PATHS = (
					"$(inherited)",
					"@executable_path/Frameworks",
				);
				PRODUCT_BUNDLE_IDENTIFIER = com.tkgka.PostTest;
				PRODUCT_NAME = "$(TARGET_NAME)";
				SWIFT_VERSION = 5.0;
				TARGETED_DEVICE_FAMILY = "1,2";
			};
			name = Debug;
		};
		F932FB9124D8003D0042732F /* Release */ = {
			isa = XCBuildConfiguration;
			buildSettings = {
				ASSETCATALOG_COMPILER_APPICON_NAME = AppIcon;
				CODE_SIGN_STYLE = Automatic;
				INFOPLIST_FILE = PostTest/Info.plist;
				LD_RUNPATH_SEARCH_PATHS = (
					"$(inherited)",
					"@executable_path/Frameworks",
				);
				PRODUCT_BUNDLE_IDENTIFIER = com.tkgka.PostTest;
				PRODUCT_NAME = "$(TARGET_NAME)";
				SWIFT_VERSION = 5.0;
				TARGETED_DEVICE_FAMILY = "1,2";
			};
			name = Release;
		};
/* End XCBuildConfiguration section */

/* Begin XCConfigurationList section */
		F932FB7624D8003D0042732F /* Build configuration list for PBXProject "PostTest" */ = {
			isa = XCConfigurationList;
			buildConfigurations = (
				F932FB8D24D8003D0042732F /* Debug */,
				F932FB8E24D8003D0042732F /* Release */,
			);
			defaultConfigurationIsVisible = 0;
			defaultConfigurationName = Release;
		};
		F932FB8F24D8003D0042732F /* Build configuration list for PBXNativeTarget "PostTest" */ = {
			isa = XCConfigurationList;
			buildConfigurations = (
				F932FB9024D8003D0042732F /* Debug */,
				F932FB9124D8003D0042732F /* Release */,
			);
			defaultConfigurationIsVisible = 0;
			defaultConfigurationName = Release;
		};
/* End XCConfigurationList section */
	};
	rootObject = F932FB7324D8003D0042732F /* Project object */;
}
