// !$*UTF8*$!
{
	archiveVersion = 1;
	classes = {
	};
	objectVersion = 51;
	objects = {

/* Begin PBXBuildFile section */
		8D072D7AC5B453E549085CFB /* Pods_ChatTest.framework in Frameworks */ = {isa = PBXBuildFile; fileRef = 2DA433CA88825486594C6F13 /* Pods_ChatTest.framework */; };
		F9016B8A24CC41D400EE0B98 /* sidemenu.swift in Sources */ = {isa = PBXBuildFile; fileRef = F9016B8924CC41D400EE0B98 /* sidemenu.swift */; };
		F90C5CC624C829F100516A22 /* AppDelegate.swift in Sources */ = {isa = PBXBuildFile; fileRef = F90C5CC524C829F100516A22 /* AppDelegate.swift */; };
		F90C5CC824C829F100516A22 /* SceneDelegate.swift in Sources */ = {isa = PBXBuildFile; fileRef = F90C5CC724C829F100516A22 /* SceneDelegate.swift */; };
		F90C5CCA24C829F100516A22 /* ConversationsViewController.swift in Sources */ = {isa = PBXBuildFile; fileRef = F90C5CC924C829F100516A22 /* ConversationsViewController.swift */; };
		F90C5CCD24C829F100516A22 /* Main.storyboard in Resources */ = {isa = PBXBuildFile; fileRef = F90C5CCB24C829F100516A22 /* Main.storyboard */; };
		F90C5CCF24C829F400516A22 /* Assets.xcassets in Resources */ = {isa = PBXBuildFile; fileRef = F90C5CCE24C829F400516A22 /* Assets.xcassets */; };
		F90C5CD224C829F400516A22 /* LaunchScreen.storyboard in Resources */ = {isa = PBXBuildFile; fileRef = F90C5CD024C829F400516A22 /* LaunchScreen.storyboard */; };
		F90C5CE024C82D7D00516A22 /* LoginViewController.swift in Sources */ = {isa = PBXBuildFile; fileRef = F90C5CDF24C82D7D00516A22 /* LoginViewController.swift */; };
		F90C5CE224C82D9800516A22 /* RegisterViewController.swift in Sources */ = {isa = PBXBuildFile; fileRef = F90C5CE124C82D9800516A22 /* RegisterViewController.swift */; };
		F90C5CE424C82DCD00516A22 /* PhotoViewerViewController.swift in Sources */ = {isa = PBXBuildFile; fileRef = F90C5CE324C82DCD00516A22 /* PhotoViewerViewController.swift */; };
		F90C5CE624C82DE400516A22 /* VideoPlayerViewController.swift in Sources */ = {isa = PBXBuildFile; fileRef = F90C5CE524C82DE400516A22 /* VideoPlayerViewController.swift */; };
		F90C5CE824C82E0300516A22 /* NewConversationViewController.swift in Sources */ = {isa = PBXBuildFile; fileRef = F90C5CE724C82E0300516A22 /* NewConversationViewController.swift */; };
		F90C5CEA24C82E1900516A22 /* ProfileViewController.swift in Sources */ = {isa = PBXBuildFile; fileRef = F90C5CE924C82E1900516A22 /* ProfileViewController.swift */; };
		F92B469E24CD54D8002CF88F /* ChatViewController.swift in Sources */ = {isa = PBXBuildFile; fileRef = F92B469D24CD54D8002CF88F /* ChatViewController.swift */; };
		F92B46A424CD7358002CF88F /* StorageManager.swift in Sources */ = {isa = PBXBuildFile; fileRef = F92B46A324CD7358002CF88F /* StorageManager.swift */; };
		F932D66124C96F5B007982D6 /* Extensions.swift in Sources */ = {isa = PBXBuildFile; fileRef = F932D66024C96F5B007982D6 /* Extensions.swift */; };
		F93EFCEB24EC0FD200266D41 /* MainTableViewCell.swift in Sources */ = {isa = PBXBuildFile; fileRef = F93EFCE924EC0FD200266D41 /* MainTableViewCell.swift */; };
		F93EFCEC24EC0FD200266D41 /* MainTableViewCell.xib in Resources */ = {isa = PBXBuildFile; fileRef = F93EFCEA24EC0FD200266D41 /* MainTableViewCell.xib */; };
		F93EFCEE24EC105600266D41 /* mainViewController.swift in Sources */ = {isa = PBXBuildFile; fileRef = F93EFCED24EC105600266D41 /* mainViewController.swift */; };
		F93EFCF124EC158B00266D41 /* extension.swift in Sources */ = {isa = PBXBuildFile; fileRef = F93EFCF024EC158B00266D41 /* extension.swift */; };
		F970D99024D17711000B929D /* socketIOClient_example.xcdatamodeld in Sources */ = {isa = PBXBuildFile; fileRef = F970D98E24D17710000B929D /* socketIOClient_example.xcdatamodeld */; };
		F970D99224D17B9B000B929D /* ConversationTableViewCell.swift in Sources */ = {isa = PBXBuildFile; fileRef = F970D99124D17B9B000B929D /* ConversationTableViewCell.swift */; };
		F988A35924CAD1CE00540009 /* DatabaseManager.swift in Sources */ = {isa = PBXBuildFile; fileRef = F988A35824CAD1CE00540009 /* DatabaseManager.swift */; };
		F988A35D24CB37FF00540009 /* TestViewController.swift in Sources */ = {isa = PBXBuildFile; fileRef = F988A35C24CB37FF00540009 /* TestViewController.swift */; };
		F9B162D824CAC783009E8E85 /* GoogleService-Info.plist in Resources */ = {isa = PBXBuildFile; fileRef = F9B162D724CAC783009E8E85 /* GoogleService-Info.plist */; };
		F9E681C424D5D464001544B4 /* SideMenu.swift in Sources */ = {isa = PBXBuildFile; fileRef = F9E681C324D5D464001544B4 /* SideMenu.swift */; };
/* End PBXBuildFile section */

/* Begin PBXFileReference section */
		090824764A177F528C7711C9 /* Pods-ChatTest.release.xcconfig */ = {isa = PBXFileReference; includeInIndex = 1; lastKnownFileType = text.xcconfig; name = "Pods-ChatTest.release.xcconfig"; path = "Target Support Files/Pods-ChatTest/Pods-ChatTest.release.xcconfig"; sourceTree = "<group>"; };
		2DA433CA88825486594C6F13 /* Pods_ChatTest.framework */ = {isa = PBXFileReference; explicitFileType = wrapper.framework; includeInIndex = 0; path = Pods_ChatTest.framework; sourceTree = BUILT_PRODUCTS_DIR; };
		A70EF8B1681B7C0B6F552381 /* Pods-ChatTest.debug.xcconfig */ = {isa = PBXFileReference; includeInIndex = 1; lastKnownFileType = text.xcconfig; name = "Pods-ChatTest.debug.xcconfig"; path = "Target Support Files/Pods-ChatTest/Pods-ChatTest.debug.xcconfig"; sourceTree = "<group>"; };
		F9016B8924CC41D400EE0B98 /* sidemenu.swift */ = {isa = PBXFileReference; lastKnownFileType = sourcecode.swift; path = sidemenu.swift; sourceTree = "<group>"; };
		F90C5CC224C829F100516A22 /* ChatTest.app */ = {isa = PBXFileReference; explicitFileType = wrapper.application; includeInIndex = 0; path = ChatTest.app; sourceTree = BUILT_PRODUCTS_DIR; };
		F90C5CC524C829F100516A22 /* AppDelegate.swift */ = {isa = PBXFileReference; lastKnownFileType = sourcecode.swift; path = AppDelegate.swift; sourceTree = "<group>"; };
		F90C5CC724C829F100516A22 /* SceneDelegate.swift */ = {isa = PBXFileReference; lastKnownFileType = sourcecode.swift; path = SceneDelegate.swift; sourceTree = "<group>"; };
		F90C5CC924C829F100516A22 /* ConversationsViewController.swift */ = {isa = PBXFileReference; lastKnownFileType = sourcecode.swift; path = ConversationsViewController.swift; sourceTree = "<group>"; };
		F90C5CCC24C829F100516A22 /* Base */ = {isa = PBXFileReference; lastKnownFileType = file.storyboard; name = Base; path = Base.lproj/Main.storyboard; sourceTree = "<group>"; };
		F90C5CCE24C829F400516A22 /* Assets.xcassets */ = {isa = PBXFileReference; lastKnownFileType = folder.assetcatalog; path = Assets.xcassets; sourceTree = "<group>"; };
		F90C5CD124C829F400516A22 /* Base */ = {isa = PBXFileReference; lastKnownFileType = file.storyboard; name = Base; path = Base.lproj/LaunchScreen.storyboard; sourceTree = "<group>"; };
		F90C5CD324C829F400516A22 /* Info.plist */ = {isa = PBXFileReference; lastKnownFileType = text.plist.xml; path = Info.plist; sourceTree = "<group>"; };
		F90C5CDF24C82D7D00516A22 /* LoginViewController.swift */ = {isa = PBXFileReference; lastKnownFileType = sourcecode.swift; path = LoginViewController.swift; sourceTree = "<group>"; };
		F90C5CE124C82D9800516A22 /* RegisterViewController.swift */ = {isa = PBXFileReference; lastKnownFileType = sourcecode.swift; path = RegisterViewController.swift; sourceTree = "<group>"; };
		F90C5CE324C82DCD00516A22 /* PhotoViewerViewController.swift */ = {isa = PBXFileReference; lastKnownFileType = sourcecode.swift; path = PhotoViewerViewController.swift; sourceTree = "<group>"; };
		F90C5CE524C82DE400516A22 /* VideoPlayerViewController.swift */ = {isa = PBXFileReference; lastKnownFileType = sourcecode.swift; path = VideoPlayerViewController.swift; sourceTree = "<group>"; };
		F90C5CE724C82E0300516A22 /* NewConversationViewController.swift */ = {isa = PBXFileReference; lastKnownFileType = sourcecode.swift; path = NewConversationViewController.swift; sourceTree = "<group>"; };
		F90C5CE924C82E1900516A22 /* ProfileViewController.swift */ = {isa = PBXFileReference; lastKnownFileType = sourcecode.swift; path = ProfileViewController.swift; sourceTree = "<group>"; };
		F92B469D24CD54D8002CF88F /* ChatViewController.swift */ = {isa = PBXFileReference; lastKnownFileType = sourcecode.swift; path = ChatViewController.swift; sourceTree = "<group>"; };
		F92B46A324CD7358002CF88F /* StorageManager.swift */ = {isa = PBXFileReference; lastKnownFileType = sourcecode.swift; path = StorageManager.swift; sourceTree = "<group>"; };
		F932D66024C96F5B007982D6 /* Extensions.swift */ = {isa = PBXFileReference; lastKnownFileType = sourcecode.swift; path = Extensions.swift; sourceTree = "<group>"; };
		F93EFCE924EC0FD200266D41 /* MainTableViewCell.swift */ = {isa = PBXFileReference; lastKnownFileType = sourcecode.swift; path = MainTableViewCell.swift; sourceTree = "<group>"; };
		F93EFCEA24EC0FD200266D41 /* MainTableViewCell.xib */ = {isa = PBXFileReference; lastKnownFileType = file.xib; path = MainTableViewCell.xib; sourceTree = "<group>"; };
		F93EFCED24EC105600266D41 /* mainViewController.swift */ = {isa = PBXFileReference; lastKnownFileType = sourcecode.swift; path = mainViewController.swift; sourceTree = "<group>"; };
		F93EFCF024EC158B00266D41 /* extension.swift */ = {isa = PBXFileReference; lastKnownFileType = sourcecode.swift; path = extension.swift; sourceTree = "<group>"; };
		F970D98F24D17710000B929D /* socketIOClient_example.xcdatamodel */ = {isa = PBXFileReference; lastKnownFileType = wrapper.xcdatamodel; path = socketIOClient_example.xcdatamodel; sourceTree = "<group>"; };
		F970D99124D17B9B000B929D /* ConversationTableViewCell.swift */ = {isa = PBXFileReference; lastKnownFileType = sourcecode.swift; path = ConversationTableViewCell.swift; sourceTree = "<group>"; };
		F988A35824CAD1CE00540009 /* DatabaseManager.swift */ = {isa = PBXFileReference; lastKnownFileType = sourcecode.swift; path = DatabaseManager.swift; sourceTree = "<group>"; };
		F988A35C24CB37FF00540009 /* TestViewController.swift */ = {isa = PBXFileReference; lastKnownFileType = sourcecode.swift; path = TestViewController.swift; sourceTree = "<group>"; };
		F9B162D724CAC783009E8E85 /* GoogleService-Info.plist */ = {isa = PBXFileReference; fileEncoding = 4; lastKnownFileType = text.plist.xml; name = "GoogleService-Info.plist"; path = "../../../../../Downloads/GoogleService-Info.plist"; sourceTree = "<group>"; };
		F9E681C324D5D464001544B4 /* SideMenu.swift */ = {isa = PBXFileReference; fileEncoding = 4; lastKnownFileType = sourcecode.swift; name = SideMenu.swift; path = "../../../../../../../Downloads/Swifty-Side-Menu-master/MySideMenu/SideMenu.swift"; sourceTree = "<group>"; };
/* End PBXFileReference section */

/* Begin PBXFrameworksBuildPhase section */
		F90C5CBF24C829F100516A22 /* Frameworks */ = {
			isa = PBXFrameworksBuildPhase;
			buildActionMask = 2147483647;
			files = (
				8D072D7AC5B453E549085CFB /* Pods_ChatTest.framework in Frameworks */,
			);
			runOnlyForDeploymentPostprocessing = 0;
		};
/* End PBXFrameworksBuildPhase section */

/* Begin PBXGroup section */
		1E5E245B6CA06E9C0B2F48B7 /* Pods */ = {
			isa = PBXGroup;
			children = (
				A70EF8B1681B7C0B6F552381 /* Pods-ChatTest.debug.xcconfig */,
				090824764A177F528C7711C9 /* Pods-ChatTest.release.xcconfig */,
			);
			path = Pods;
			sourceTree = "<group>";
		};
		E634C3494D795A471F643BA0 /* Frameworks */ = {
			isa = PBXGroup;
			children = (
				2DA433CA88825486594C6F13 /* Pods_ChatTest.framework */,
			);
			name = Frameworks;
			sourceTree = "<group>";
		};
		F9016B8B24CC41DC00EE0B98 /* sidemenu */ = {
			isa = PBXGroup;
			children = (
				F9E681C324D5D464001544B4 /* SideMenu.swift */,
				F988A35C24CB37FF00540009 /* TestViewController.swift */,
				F9016B8924CC41D400EE0B98 /* sidemenu.swift */,
			);
			path = sidemenu;
			sourceTree = "<group>";
		};
		F90C5CB924C829F100516A22 = {
			isa = PBXGroup;
			children = (
				F90C5CC424C829F100516A22 /* ChatTest */,
				F90C5CC324C829F100516A22 /* Products */,
				1E5E245B6CA06E9C0B2F48B7 /* Pods */,
				E634C3494D795A471F643BA0 /* Frameworks */,
			);
			sourceTree = "<group>";
		};
		F90C5CC324C829F100516A22 /* Products */ = {
			isa = PBXGroup;
			children = (
				F90C5CC224C829F100516A22 /* ChatTest.app */,
			);
			name = Products;
			sourceTree = "<group>";
		};
		F90C5CC424C829F100516A22 /* ChatTest */ = {
			isa = PBXGroup;
			children = (
				F9B162D724CAC783009E8E85 /* GoogleService-Info.plist */,
				F90C5CDD24C82BD500516A22 /* Resources */,
				F90C5CDC24C82BC200516A22 /* ViewModels */,
				F90C5CDB24C82BAE00516A22 /* Models */,
				F90C5CDA24C82B9D00516A22 /* Views */,
				F90C5CD924C82B8600516A22 /* Controllers */,
				F90C5CD324C829F400516A22 /* Info.plist */,
				F970D98E24D17710000B929D /* socketIOClient_example.xcdatamodeld */,
			);
			path = ChatTest;
			sourceTree = "<group>";
		};
		F90C5CD924C82B8600516A22 /* Controllers */ = {
			isa = PBXGroup;
			children = (
				F90C5CC924C829F100516A22 /* ConversationsViewController.swift */,
				F9016B8B24CC41DC00EE0B98 /* sidemenu */,
				F932D65F24C96AC0007982D6 /* Login */,
				F90C5CE324C82DCD00516A22 /* PhotoViewerViewController.swift */,
				F90C5CE524C82DE400516A22 /* VideoPlayerViewController.swift */,
				F90C5CE724C82E0300516A22 /* NewConversationViewController.swift */,
				F90C5CE924C82E1900516A22 /* ProfileViewController.swift */,
				F92B469D24CD54D8002CF88F /* ChatViewController.swift */,
				F93EFCEF24EC110100266D41 /* mainView */,
			);
			path = Controllers;
			sourceTree = "<group>";
		};
		F90C5CDA24C82B9D00516A22 /* Views */ = {
			isa = PBXGroup;
			children = (
				F90C5CDE24C82C2300516A22 /* Storyboards */,
				F90C5CCE24C829F400516A22 /* Assets.xcassets */,
				F970D99124D17B9B000B929D /* ConversationTableViewCell.swift */,
			);
			path = Views;
			sourceTree = "<group>";
		};
		F90C5CDB24C82BAE00516A22 /* Models */ = {
			isa = PBXGroup;
			children = (
			);
			path = Models;
			sourceTree = "<group>";
		};
		F90C5CDC24C82BC200516A22 /* ViewModels */ = {
			isa = PBXGroup;
			children = (
			);
			path = ViewModels;
			sourceTree = "<group>";
		};
		F90C5CDD24C82BD500516A22 /* Resources */ = {
			isa = PBXGroup;
			children = (
				F90C5CC524C829F100516A22 /* AppDelegate.swift */,
				F90C5CC724C829F100516A22 /* SceneDelegate.swift */,
				F932D66024C96F5B007982D6 /* Extensions.swift */,
				F988A35824CAD1CE00540009 /* DatabaseManager.swift */,
				F92B46A324CD7358002CF88F /* StorageManager.swift */,
			);
			path = Resources;
			sourceTree = "<group>";
		};
		F90C5CDE24C82C2300516A22 /* Storyboards */ = {
			isa = PBXGroup;
			children = (
				F90C5CCB24C829F100516A22 /* Main.storyboard */,
				F90C5CD024C829F400516A22 /* LaunchScreen.storyboard */,
			);
			path = Storyboards;
			sourceTree = "<group>";
		};
		F932D65F24C96AC0007982D6 /* Login */ = {
			isa = PBXGroup;
			children = (
				F90C5CDF24C82D7D00516A22 /* LoginViewController.swift */,
				F90C5CE124C82D9800516A22 /* RegisterViewController.swift */,
			);
			path = Login;
			sourceTree = "<group>";
		};
		F93EFCEF24EC110100266D41 /* mainView */ = {
			isa = PBXGroup;
			children = (
				F93EFCE924EC0FD200266D41 /* MainTableViewCell.swift */,
				F93EFCEA24EC0FD200266D41 /* MainTableViewCell.xib */,
				F93EFCED24EC105600266D41 /* mainViewController.swift */,
				F93EFCF024EC158B00266D41 /* extension.swift */,
			);
			path = mainView;
			sourceTree = "<group>";
		};
/* End PBXGroup section */

/* Begin PBXNativeTarget section */
		F90C5CC124C829F100516A22 /* ChatTest */ = {
			isa = PBXNativeTarget;
			buildConfigurationList = F90C5CD624C829F400516A22 /* Build configuration list for PBXNativeTarget "ChatTest" */;
			buildPhases = (
				A71BB635703AD56D08FD5012 /* [CP] Check Pods Manifest.lock */,
				F90C5CBE24C829F100516A22 /* Sources */,
				F90C5CBF24C829F100516A22 /* Frameworks */,
				F90C5CC024C829F100516A22 /* Resources */,
				FD76950DEF57A0FF141B9055 /* [CP] Embed Pods Frameworks */,
				5CA2918B15EDD71A717545BB /* [CP] Copy Pods Resources */,
			);
			buildRules = (
			);
			dependencies = (
			);
			name = ChatTest;
			productName = ChatTest;
			productReference = F90C5CC224C829F100516A22 /* ChatTest.app */;
			productType = "com.apple.product-type.application";
		};
/* End PBXNativeTarget section */

/* Begin PBXProject section */
		F90C5CBA24C829F100516A22 /* Project object */ = {
			isa = PBXProject;
			attributes = {
				LastSwiftUpdateCheck = 1160;
				LastUpgradeCheck = 1160;
				ORGANIZATIONNAME = "김수환";
				TargetAttributes = {
					F90C5CC124C829F100516A22 = {
						CreatedOnToolsVersion = 11.6;
					};
				};
			};
			buildConfigurationList = F90C5CBD24C829F100516A22 /* Build configuration list for PBXProject "ChatTest" */;
			compatibilityVersion = "Xcode 9.3";
			developmentRegion = en;
			hasScannedForEncodings = 0;
			knownRegions = (
				en,
				Base,
			);
			mainGroup = F90C5CB924C829F100516A22;
			productRefGroup = F90C5CC324C829F100516A22 /* Products */;
			projectDirPath = "";
			projectRoot = "";
			targets = (
				F90C5CC124C829F100516A22 /* ChatTest */,
			);
		};
/* End PBXProject section */

/* Begin PBXResourcesBuildPhase section */
		F90C5CC024C829F100516A22 /* Resources */ = {
			isa = PBXResourcesBuildPhase;
			buildActionMask = 2147483647;
			files = (
				F90C5CD224C829F400516A22 /* LaunchScreen.storyboard in Resources */,
				F9B162D824CAC783009E8E85 /* GoogleService-Info.plist in Resources */,
				F90C5CCF24C829F400516A22 /* Assets.xcassets in Resources */,
				F90C5CCD24C829F100516A22 /* Main.storyboard in Resources */,
				F93EFCEC24EC0FD200266D41 /* MainTableViewCell.xib in Resources */,
			);
			runOnlyForDeploymentPostprocessing = 0;
		};
/* End PBXResourcesBuildPhase section */

/* Begin PBXShellScriptBuildPhase section */
		5CA2918B15EDD71A717545BB /* [CP] Copy Pods Resources */ = {
			isa = PBXShellScriptBuildPhase;
			buildActionMask = 2147483647;
			files = (
			);
			inputFileListPaths = (
				"${PODS_ROOT}/Target Support Files/Pods-ChatTest/Pods-ChatTest-resources-${CONFIGURATION}-input-files.xcfilelist",
			);
			name = "[CP] Copy Pods Resources";
			outputFileListPaths = (
				"${PODS_ROOT}/Target Support Files/Pods-ChatTest/Pods-ChatTest-resources-${CONFIGURATION}-output-files.xcfilelist",
			);
			runOnlyForDeploymentPostprocessing = 0;
			shellPath = /bin/sh;
			shellScript = "\"${PODS_ROOT}/Target Support Files/Pods-ChatTest/Pods-ChatTest-resources.sh\"\n";
			showEnvVarsInLog = 0;
		};
		A71BB635703AD56D08FD5012 /* [CP] Check Pods Manifest.lock */ = {
			isa = PBXShellScriptBuildPhase;
			buildActionMask = 2147483647;
			files = (
			);
			inputFileListPaths = (
			);
			inputPaths = (
				"${PODS_PODFILE_DIR_PATH}/Podfile.lock",
				"${PODS_ROOT}/Manifest.lock",
			);
			name = "[CP] Check Pods Manifest.lock";
			outputFileListPaths = (
			);
			outputPaths = (
				"$(DERIVED_FILE_DIR)/Pods-ChatTest-checkManifestLockResult.txt",
			);
			runOnlyForDeploymentPostprocessing = 0;
			shellPath = /bin/sh;
			shellScript = "diff \"${PODS_PODFILE_DIR_PATH}/Podfile.lock\" \"${PODS_ROOT}/Manifest.lock\" > /dev/null\nif [ $? != 0 ] ; then\n    # print error to STDERR\n    echo \"error: The sandbox is not in sync with the Podfile.lock. Run 'pod install' or update your CocoaPods installation.\" >&2\n    exit 1\nfi\n# This output is used by Xcode 'outputs' to avoid re-running this script phase.\necho \"SUCCESS\" > \"${SCRIPT_OUTPUT_FILE_0}\"\n";
			showEnvVarsInLog = 0;
		};
		FD76950DEF57A0FF141B9055 /* [CP] Embed Pods Frameworks */ = {
			isa = PBXShellScriptBuildPhase;
			buildActionMask = 2147483647;
			files = (
			);
			inputFileListPaths = (
				"${PODS_ROOT}/Target Support Files/Pods-ChatTest/Pods-ChatTest-frameworks-${CONFIGURATION}-input-files.xcfilelist",
			);
			name = "[CP] Embed Pods Frameworks";
			outputFileListPaths = (
				"${PODS_ROOT}/Target Support Files/Pods-ChatTest/Pods-ChatTest-frameworks-${CONFIGURATION}-output-files.xcfilelist",
			);
			runOnlyForDeploymentPostprocessing = 0;
			shellPath = /bin/sh;
			shellScript = "\"${PODS_ROOT}/Target Support Files/Pods-ChatTest/Pods-ChatTest-frameworks.sh\"\n";
			showEnvVarsInLog = 0;
		};
/* End PBXShellScriptBuildPhase section */

/* Begin PBXSourcesBuildPhase section */
		F90C5CBE24C829F100516A22 /* Sources */ = {
			isa = PBXSourcesBuildPhase;
			buildActionMask = 2147483647;
			files = (
				F90C5CE024C82D7D00516A22 /* LoginViewController.swift in Sources */,
				F988A35924CAD1CE00540009 /* DatabaseManager.swift in Sources */,
				F90C5CE224C82D9800516A22 /* RegisterViewController.swift in Sources */,
				F90C5CE824C82E0300516A22 /* NewConversationViewController.swift in Sources */,
				F90C5CCA24C829F100516A22 /* ConversationsViewController.swift in Sources */,
				F9016B8A24CC41D400EE0B98 /* sidemenu.swift in Sources */,
				F970D99024D17711000B929D /* socketIOClient_example.xcdatamodeld in Sources */,
				F9E681C424D5D464001544B4 /* SideMenu.swift in Sources */,
				F90C5CE624C82DE400516A22 /* VideoPlayerViewController.swift in Sources */,
				F932D66124C96F5B007982D6 /* Extensions.swift in Sources */,
				F93EFCEB24EC0FD200266D41 /* MainTableViewCell.swift in Sources */,
				F90C5CC624C829F100516A22 /* AppDelegate.swift in Sources */,
				F90C5CEA24C82E1900516A22 /* ProfileViewController.swift in Sources */,
				F93EFCEE24EC105600266D41 /* mainViewController.swift in Sources */,
				F92B469E24CD54D8002CF88F /* ChatViewController.swift in Sources */,
				F970D99224D17B9B000B929D /* ConversationTableViewCell.swift in Sources */,
				F90C5CC824C829F100516A22 /* SceneDelegate.swift in Sources */,
				F92B46A424CD7358002CF88F /* StorageManager.swift in Sources */,
				F988A35D24CB37FF00540009 /* TestViewController.swift in Sources */,
				F90C5CE424C82DCD00516A22 /* PhotoViewerViewController.swift in Sources */,
				F93EFCF124EC158B00266D41 /* extension.swift in Sources */,
			);
			runOnlyForDeploymentPostprocessing = 0;
		};
/* End PBXSourcesBuildPhase section */

/* Begin PBXVariantGroup section */
		F90C5CCB24C829F100516A22 /* Main.storyboard */ = {
			isa = PBXVariantGroup;
			children = (
				F90C5CCC24C829F100516A22 /* Base */,
			);
			name = Main.storyboard;
			sourceTree = "<group>";
		};
		F90C5CD024C829F400516A22 /* LaunchScreen.storyboard */ = {
			isa = PBXVariantGroup;
			children = (
				F90C5CD124C829F400516A22 /* Base */,
			);
			name = LaunchScreen.storyboard;
			sourceTree = "<group>";
		};
/* End PBXVariantGroup section */

/* Begin XCBuildConfiguration section */
		F90C5CD424C829F400516A22 /* Debug */ = {
			isa = XCBuildConfiguration;
			buildSettings = {
				ALWAYS_SEARCH_USER_PATHS = NO;
				CLANG_ANALYZER_NONNULL = YES;
				CLANG_ANALYZER_NUMBER_OBJECT_CONVERSION = YES_AGGRESSIVE;
				CLANG_CXX_LANGUAGE_STANDARD = "gnu++14";
				CLANG_CXX_LIBRARY = "libc++";
				CLANG_ENABLE_MODULES = YES;
				CLANG_ENABLE_OBJC_ARC = YES;
				CLANG_ENABLE_OBJC_WEAK = YES;
				CLANG_WARN_BLOCK_CAPTURE_AUTORELEASING = YES;
				CLANG_WARN_BOOL_CONVERSION = YES;
				CLANG_WARN_COMMA = YES;
				CLANG_WARN_CONSTANT_CONVERSION = YES;
				CLANG_WARN_DEPRECATED_OBJC_IMPLEMENTATIONS = YES;
				CLANG_WARN_DIRECT_OBJC_ISA_USAGE = YES_ERROR;
				CLANG_WARN_DOCUMENTATION_COMMENTS = YES;
				CLANG_WARN_EMPTY_BODY = YES;
				CLANG_WARN_ENUM_CONVERSION = YES;
				CLANG_WARN_INFINITE_RECURSION = YES;
				CLANG_WARN_INT_CONVERSION = YES;
				CLANG_WARN_NON_LITERAL_NULL_CONVERSION = YES;
				CLANG_WARN_OBJC_IMPLICIT_RETAIN_SELF = YES;
				CLANG_WARN_OBJC_LITERAL_CONVERSION = YES;
				CLANG_WARN_OBJC_ROOT_CLASS = YES_ERROR;
				CLANG_WARN_RANGE_LOOP_ANALYSIS = YES;
				CLANG_WARN_STRICT_PROTOTYPES = YES;
				CLANG_WARN_SUSPICIOUS_MOVE = YES;
				CLANG_WARN_UNGUARDED_AVAILABILITY = YES_AGGRESSIVE;
				CLANG_WARN_UNREACHABLE_CODE = YES;
				CLANG_WARN__DUPLICATE_METHOD_MATCH = YES;
				COPY_PHASE_STRIP = NO;
				DEBUG_INFORMATION_FORMAT = dwarf;
				ENABLE_STRICT_OBJC_MSGSEND = YES;
				ENABLE_TESTABILITY = YES;
				GCC_C_LANGUAGE_STANDARD = gnu11;
				GCC_DYNAMIC_NO_PIC = NO;
				GCC_NO_COMMON_BLOCKS = YES;
				GCC_OPTIMIZATION_LEVEL = 0;
				GCC_PREPROCESSOR_DEFINITIONS = (
					"DEBUG=1",
					"$(inherited)",
				);
				GCC_WARN_64_TO_32_BIT_CONVERSION = YES;
				GCC_WARN_ABOUT_RETURN_TYPE = YES_ERROR;
				GCC_WARN_UNDECLARED_SELECTOR = YES;
				GCC_WARN_UNINITIALIZED_AUTOS = YES_AGGRESSIVE;
				GCC_WARN_UNUSED_FUNCTION = YES;
				GCC_WARN_UNUSED_VARIABLE = YES;
				IPHONEOS_DEPLOYMENT_TARGET = 13.6;
				MTL_ENABLE_DEBUG_INFO = INCLUDE_SOURCE;
				MTL_FAST_MATH = YES;
				ONLY_ACTIVE_ARCH = YES;
				SDKROOT = iphoneos;
				SWIFT_ACTIVE_COMPILATION_CONDITIONS = DEBUG;
				SWIFT_OPTIMIZATION_LEVEL = "-Onone";
			};
			name = Debug;
		};
		F90C5CD524C829F400516A22 /* Release */ = {
			isa = XCBuildConfiguration;
			buildSettings = {
				ALWAYS_SEARCH_USER_PATHS = NO;
				CLANG_ANALYZER_NONNULL = YES;
				CLANG_ANALYZER_NUMBER_OBJECT_CONVERSION = YES_AGGRESSIVE;
				CLANG_CXX_LANGUAGE_STANDARD = "gnu++14";
				CLANG_CXX_LIBRARY = "libc++";
				CLANG_ENABLE_MODULES = YES;
				CLANG_ENABLE_OBJC_ARC = YES;
				CLANG_ENABLE_OBJC_WEAK = YES;
				CLANG_WARN_BLOCK_CAPTURE_AUTORELEASING = YES;
				CLANG_WARN_BOOL_CONVERSION = YES;
				CLANG_WARN_COMMA = YES;
				CLANG_WARN_CONSTANT_CONVERSION = YES;
				CLANG_WARN_DEPRECATED_OBJC_IMPLEMENTATIONS = YES;
				CLANG_WARN_DIRECT_OBJC_ISA_USAGE = YES_ERROR;
				CLANG_WARN_DOCUMENTATION_COMMENTS = YES;
				CLANG_WARN_EMPTY_BODY = YES;
				CLANG_WARN_ENUM_CONVERSION = YES;
				CLANG_WARN_INFINITE_RECURSION = YES;
				CLANG_WARN_INT_CONVERSION = YES;
				CLANG_WARN_NON_LITERAL_NULL_CONVERSION = YES;
				CLANG_WARN_OBJC_IMPLICIT_RETAIN_SELF = YES;
				CLANG_WARN_OBJC_LITERAL_CONVERSION = YES;
				CLANG_WARN_OBJC_ROOT_CLASS = YES_ERROR;
				CLANG_WARN_RANGE_LOOP_ANALYSIS = YES;
				CLANG_WARN_STRICT_PROTOTYPES = YES;
				CLANG_WARN_SUSPICIOUS_MOVE = YES;
				CLANG_WARN_UNGUARDED_AVAILABILITY = YES_AGGRESSIVE;
				CLANG_WARN_UNREACHABLE_CODE = YES;
				CLANG_WARN__DUPLICATE_METHOD_MATCH = YES;
				COPY_PHASE_STRIP = NO;
				DEBUG_INFORMATION_FORMAT = "dwarf-with-dsym";
				ENABLE_NS_ASSERTIONS = NO;
				ENABLE_STRICT_OBJC_MSGSEND = YES;
				GCC_C_LANGUAGE_STANDARD = gnu11;
				GCC_NO_COMMON_BLOCKS = YES;
				GCC_WARN_64_TO_32_BIT_CONVERSION = YES;
				GCC_WARN_ABOUT_RETURN_TYPE = YES_ERROR;
				GCC_WARN_UNDECLARED_SELECTOR = YES;
				GCC_WARN_UNINITIALIZED_AUTOS = YES_AGGRESSIVE;
				GCC_WARN_UNUSED_FUNCTION = YES;
				GCC_WARN_UNUSED_VARIABLE = YES;
				IPHONEOS_DEPLOYMENT_TARGET = 13.6;
				MTL_ENABLE_DEBUG_INFO = NO;
				MTL_FAST_MATH = YES;
				SDKROOT = iphoneos;
				SWIFT_COMPILATION_MODE = wholemodule;
				SWIFT_OPTIMIZATION_LEVEL = "-O";
				VALIDATE_PRODUCT = YES;
			};
			name = Release;
		};
		F90C5CD724C829F400516A22 /* Debug */ = {
			isa = XCBuildConfiguration;
			baseConfigurationReference = A70EF8B1681B7C0B6F552381 /* Pods-ChatTest.debug.xcconfig */;
			buildSettings = {
				ASSETCATALOG_COMPILER_APPICON_NAME = AppIcon;
				CODE_SIGN_STYLE = Automatic;
				DEVELOPMENT_TEAM = ABL4JWM3PY;
				INFOPLIST_FILE = ChatTest/Info.plist;
				LD_RUNPATH_SEARCH_PATHS = (
					"$(inherited)",
					"@executable_path/Frameworks",
				);
				PRODUCT_BUNDLE_IDENTIFIER = com.tkgka.ChatTest;
				PRODUCT_NAME = "$(TARGET_NAME)";
				SWIFT_VERSION = 5.0;
				TARGETED_DEVICE_FAMILY = "1,2";
			};
			name = Debug;
		};
		F90C5CD824C829F400516A22 /* Release */ = {
			isa = XCBuildConfiguration;
			baseConfigurationReference = 090824764A177F528C7711C9 /* Pods-ChatTest.release.xcconfig */;
			buildSettings = {
				ASSETCATALOG_COMPILER_APPICON_NAME = AppIcon;
				CODE_SIGN_STYLE = Automatic;
				DEVELOPMENT_TEAM = ABL4JWM3PY;
				INFOPLIST_FILE = ChatTest/Info.plist;
				LD_RUNPATH_SEARCH_PATHS = (
					"$(inherited)",
					"@executable_path/Frameworks",
				);
				PRODUCT_BUNDLE_IDENTIFIER = com.tkgka.ChatTest;
				PRODUCT_NAME = "$(TARGET_NAME)";
				SWIFT_VERSION = 5.0;
				TARGETED_DEVICE_FAMILY = "1,2";
			};
			name = Release;
		};
/* End XCBuildConfiguration section */

/* Begin XCConfigurationList section */
		F90C5CBD24C829F100516A22 /* Build configuration list for PBXProject "ChatTest" */ = {
			isa = XCConfigurationList;
			buildConfigurations = (
				F90C5CD424C829F400516A22 /* Debug */,
				F90C5CD524C829F400516A22 /* Release */,
			);
			defaultConfigurationIsVisible = 0;
			defaultConfigurationName = Release;
		};
		F90C5CD624C829F400516A22 /* Build configuration list for PBXNativeTarget "ChatTest" */ = {
			isa = XCConfigurationList;
			buildConfigurations = (
				F90C5CD724C829F400516A22 /* Debug */,
				F90C5CD824C829F400516A22 /* Release */,
			);
			defaultConfigurationIsVisible = 0;
			defaultConfigurationName = Release;
		};
/* End XCConfigurationList section */

/* Begin XCVersionGroup section */
		F970D98E24D17710000B929D /* socketIOClient_example.xcdatamodeld */ = {
			isa = XCVersionGroup;
			children = (
				F970D98F24D17710000B929D /* socketIOClient_example.xcdatamodel */,
			);
			currentVersion = F970D98F24D17710000B929D /* socketIOClient_example.xcdatamodel */;
			name = socketIOClient_example.xcdatamodeld;
			path = "../../../../../Downloads/SocketIO-master/sockets(mahesh)/socketIOClient_example/socketIOClient_example/socketIOClient_example.xcdatamodeld";
			sourceTree = "<group>";
			versionGroupType = wrapper.xcdatamodel;
		};
/* End XCVersionGroup section */
	};
	rootObject = F90C5CBA24C829F100516A22 /* Project object */;
}
