// !$*UTF8*$!
{
	archiveVersion = 1;
	classes = {
	};
	objectVersion = 51;
	objects = {

/* Begin PBXBuildFile section */
		A313315CDC5EBBE955DA57C3 /* Pods_Hackathon.framework in Frameworks */ = {isa = PBXBuildFile; fileRef = CDA97832A9C04C192919A12B /* Pods_Hackathon.framework */; };
		F92F38B72514E10F005C446A /* AddViewController.swift in Sources */ = {isa = PBXBuildFile; fileRef = F92F38B62514E10F005C446A /* AddViewController.swift */; };
		F92F38B92514E119005C446A /* ProfileViewController.swift in Sources */ = {isa = PBXBuildFile; fileRef = F92F38B82514E119005C446A /* ProfileViewController.swift */; };
		F92F38BC2514E30D005C446A /* GoogleService-Info.plist in Resources */ = {isa = PBXBuildFile; fileRef = F92F38BB2514E30C005C446A /* GoogleService-Info.plist */; };
		F92F38BF2514E39E005C446A /* LoginViewController.swift in Sources */ = {isa = PBXBuildFile; fileRef = F92F38BE2514E39E005C446A /* LoginViewController.swift */; };
		F92F38C12514E3AA005C446A /* RegisterViewController.swift in Sources */ = {isa = PBXBuildFile; fileRef = F92F38C02514E3AA005C446A /* RegisterViewController.swift */; };
		F92F38C42514E783005C446A /* Extension.swift in Sources */ = {isa = PBXBuildFile; fileRef = F92F38C32514E783005C446A /* Extension.swift */; };
		F92F38C72514F646005C446A /* SideMenu.swift in Sources */ = {isa = PBXBuildFile; fileRef = F92F38C62514F646005C446A /* SideMenu.swift */; };
		F92F38C92514F682005C446A /* SettingViewController.swift in Sources */ = {isa = PBXBuildFile; fileRef = F92F38C82514F682005C446A /* SettingViewController.swift */; };
		F92F38CB2514F6B9005C446A /* InfoViewController.swift in Sources */ = {isa = PBXBuildFile; fileRef = F92F38CA2514F6B9005C446A /* InfoViewController.swift */; };
		F9AAABB02514DC47007C703A /* AppDelegate.swift in Sources */ = {isa = PBXBuildFile; fileRef = F9AAABAF2514DC47007C703A /* AppDelegate.swift */; };
		F9AAABB22514DC47007C703A /* SceneDelegate.swift in Sources */ = {isa = PBXBuildFile; fileRef = F9AAABB12514DC47007C703A /* SceneDelegate.swift */; };
		F9AAABB42514DC47007C703A /* MainViewController.swift in Sources */ = {isa = PBXBuildFile; fileRef = F9AAABB32514DC47007C703A /* MainViewController.swift */; };
		F9AAABB72514DC47007C703A /* Main.storyboard in Resources */ = {isa = PBXBuildFile; fileRef = F9AAABB52514DC47007C703A /* Main.storyboard */; };
		F9AAABB92514DC48007C703A /* Assets.xcassets in Resources */ = {isa = PBXBuildFile; fileRef = F9AAABB82514DC48007C703A /* Assets.xcassets */; };
		F9AAABBC2514DC48007C703A /* LaunchScreen.storyboard in Resources */ = {isa = PBXBuildFile; fileRef = F9AAABBA2514DC48007C703A /* LaunchScreen.storyboard */; };
		F9B2452B2515E5B300E81389 /* DatabaseManager.swift in Sources */ = {isa = PBXBuildFile; fileRef = F9B2452A2515E5B300E81389 /* DatabaseManager.swift */; };
		F9B245312515ED8000E81389 /* StorageManager.swift in Sources */ = {isa = PBXBuildFile; fileRef = F9B245302515ED8000E81389 /* StorageManager.swift */; };
		F9B245352515F05700E81389 /* ConversationsViewController.swift in Sources */ = {isa = PBXBuildFile; fileRef = F9B245332515F05700E81389 /* ConversationsViewController.swift */; };
		F9B245362515F05700E81389 /* ConversationsViewController.xib in Resources */ = {isa = PBXBuildFile; fileRef = F9B245342515F05700E81389 /* ConversationsViewController.xib */; };
		F9B245382515F2C400E81389 /* ConversationTableViewCell.swift in Sources */ = {isa = PBXBuildFile; fileRef = F9B245372515F2C400E81389 /* ConversationTableViewCell.swift */; };
		F9B2453A2515F40800E81389 /* NewConversationViewController.swift in Sources */ = {isa = PBXBuildFile; fileRef = F9B245392515F40800E81389 /* NewConversationViewController.swift */; };
		F9B2453C2515F48300E81389 /* ChatViewController.swift in Sources */ = {isa = PBXBuildFile; fileRef = F9B2453B2515F48300E81389 /* ChatViewController.swift */; };
		F9B245422516051700E81389 /* ProfileViewModel.swift in Sources */ = {isa = PBXBuildFile; fileRef = F9B245412516051700E81389 /* ProfileViewModel.swift */; };
/* End PBXBuildFile section */

/* Begin PBXFileReference section */
		759B64F1A4EB1ED7BF11FB33 /* Pods-Hackathon.debug.xcconfig */ = {isa = PBXFileReference; includeInIndex = 1; lastKnownFileType = text.xcconfig; name = "Pods-Hackathon.debug.xcconfig"; path = "Target Support Files/Pods-Hackathon/Pods-Hackathon.debug.xcconfig"; sourceTree = "<group>"; };
		CDA97832A9C04C192919A12B /* Pods_Hackathon.framework */ = {isa = PBXFileReference; explicitFileType = wrapper.framework; includeInIndex = 0; path = Pods_Hackathon.framework; sourceTree = BUILT_PRODUCTS_DIR; };
		ED0B93EA04BED435E599C70F /* Pods-Hackathon.release.xcconfig */ = {isa = PBXFileReference; includeInIndex = 1; lastKnownFileType = text.xcconfig; name = "Pods-Hackathon.release.xcconfig"; path = "Target Support Files/Pods-Hackathon/Pods-Hackathon.release.xcconfig"; sourceTree = "<group>"; };
		F92F38B62514E10F005C446A /* AddViewController.swift */ = {isa = PBXFileReference; lastKnownFileType = sourcecode.swift; path = AddViewController.swift; sourceTree = "<group>"; };
		F92F38B82514E119005C446A /* ProfileViewController.swift */ = {isa = PBXFileReference; lastKnownFileType = sourcecode.swift; path = ProfileViewController.swift; sourceTree = "<group>"; };
		F92F38BB2514E30C005C446A /* GoogleService-Info.plist */ = {isa = PBXFileReference; fileEncoding = 4; lastKnownFileType = text.plist.xml; path = "GoogleService-Info.plist"; sourceTree = "<group>"; };
		F92F38BE2514E39E005C446A /* LoginViewController.swift */ = {isa = PBXFileReference; lastKnownFileType = sourcecode.swift; path = LoginViewController.swift; sourceTree = "<group>"; };
		F92F38C02514E3AA005C446A /* RegisterViewController.swift */ = {isa = PBXFileReference; lastKnownFileType = sourcecode.swift; path = RegisterViewController.swift; sourceTree = "<group>"; };
		F92F38C32514E783005C446A /* Extension.swift */ = {isa = PBXFileReference; lastKnownFileType = sourcecode.swift; path = Extension.swift; sourceTree = "<group>"; };
		F92F38C62514F646005C446A /* SideMenu.swift */ = {isa = PBXFileReference; lastKnownFileType = sourcecode.swift; path = SideMenu.swift; sourceTree = "<group>"; };
		F92F38C82514F682005C446A /* SettingViewController.swift */ = {isa = PBXFileReference; lastKnownFileType = sourcecode.swift; path = SettingViewController.swift; sourceTree = "<group>"; };
		F92F38CA2514F6B9005C446A /* InfoViewController.swift */ = {isa = PBXFileReference; lastKnownFileType = sourcecode.swift; path = InfoViewController.swift; sourceTree = "<group>"; };
		F9AAABAC2514DC47007C703A /* Hackathon.app */ = {isa = PBXFileReference; explicitFileType = wrapper.application; includeInIndex = 0; path = Hackathon.app; sourceTree = BUILT_PRODUCTS_DIR; };
		F9AAABAF2514DC47007C703A /* AppDelegate.swift */ = {isa = PBXFileReference; lastKnownFileType = sourcecode.swift; path = AppDelegate.swift; sourceTree = "<group>"; };
		F9AAABB12514DC47007C703A /* SceneDelegate.swift */ = {isa = PBXFileReference; lastKnownFileType = sourcecode.swift; path = SceneDelegate.swift; sourceTree = "<group>"; };
		F9AAABB32514DC47007C703A /* MainViewController.swift */ = {isa = PBXFileReference; lastKnownFileType = sourcecode.swift; path = MainViewController.swift; sourceTree = "<group>"; };
		F9AAABB62514DC47007C703A /* Base */ = {isa = PBXFileReference; lastKnownFileType = file.storyboard; name = Base; path = Base.lproj/Main.storyboard; sourceTree = "<group>"; };
		F9AAABB82514DC48007C703A /* Assets.xcassets */ = {isa = PBXFileReference; lastKnownFileType = folder.assetcatalog; path = Assets.xcassets; sourceTree = "<group>"; };
		F9AAABBB2514DC48007C703A /* Base */ = {isa = PBXFileReference; lastKnownFileType = file.storyboard; name = Base; path = Base.lproj/LaunchScreen.storyboard; sourceTree = "<group>"; };
		F9AAABBD2514DC48007C703A /* Info.plist */ = {isa = PBXFileReference; lastKnownFileType = text.plist.xml; path = Info.plist; sourceTree = "<group>"; };
		F9B2452A2515E5B300E81389 /* DatabaseManager.swift */ = {isa = PBXFileReference; lastKnownFileType = sourcecode.swift; path = DatabaseManager.swift; sourceTree = "<group>"; };
		F9B245302515ED8000E81389 /* StorageManager.swift */ = {isa = PBXFileReference; lastKnownFileType = sourcecode.swift; path = StorageManager.swift; sourceTree = "<group>"; };
		F9B245332515F05700E81389 /* ConversationsViewController.swift */ = {isa = PBXFileReference; lastKnownFileType = sourcecode.swift; path = ConversationsViewController.swift; sourceTree = "<group>"; };
		F9B245342515F05700E81389 /* ConversationsViewController.xib */ = {isa = PBXFileReference; lastKnownFileType = file.xib; path = ConversationsViewController.xib; sourceTree = "<group>"; };
		F9B245372515F2C400E81389 /* ConversationTableViewCell.swift */ = {isa = PBXFileReference; lastKnownFileType = sourcecode.swift; path = ConversationTableViewCell.swift; sourceTree = "<group>"; };
		F9B245392515F40800E81389 /* NewConversationViewController.swift */ = {isa = PBXFileReference; lastKnownFileType = sourcecode.swift; path = NewConversationViewController.swift; sourceTree = "<group>"; };
		F9B2453B2515F48300E81389 /* ChatViewController.swift */ = {isa = PBXFileReference; lastKnownFileType = sourcecode.swift; path = ChatViewController.swift; sourceTree = "<group>"; };
		F9B245412516051700E81389 /* ProfileViewModel.swift */ = {isa = PBXFileReference; lastKnownFileType = sourcecode.swift; path = ProfileViewModel.swift; sourceTree = "<group>"; };
/* End PBXFileReference section */

/* Begin PBXFrameworksBuildPhase section */
		F9AAABA92514DC47007C703A /* Frameworks */ = {
			isa = PBXFrameworksBuildPhase;
			buildActionMask = 2147483647;
			files = (
				A313315CDC5EBBE955DA57C3 /* Pods_Hackathon.framework in Frameworks */,
			);
			runOnlyForDeploymentPostprocessing = 0;
		};
/* End PBXFrameworksBuildPhase section */

/* Begin PBXGroup section */
		78AC651E25867CC94A08D096 /* Frameworks */ = {
			isa = PBXGroup;
			children = (
				CDA97832A9C04C192919A12B /* Pods_Hackathon.framework */,
			);
			name = Frameworks;
			sourceTree = "<group>";
		};
		D72A45513099218135922F06 /* Pods */ = {
			isa = PBXGroup;
			children = (
				759B64F1A4EB1ED7BF11FB33 /* Pods-Hackathon.debug.xcconfig */,
				ED0B93EA04BED435E599C70F /* Pods-Hackathon.release.xcconfig */,
			);
			path = Pods;
			sourceTree = "<group>";
		};
		F92F38BA2514E127005C446A /* ViewController */ = {
			isa = PBXGroup;
			children = (
				F92F38C52514F634005C446A /* sidemenu */,
				F92F38BD2514E393005C446A /* Login */,
				F9AAABB32514DC47007C703A /* MainViewController.swift */,
				F92F38B62514E10F005C446A /* AddViewController.swift */,
				F92F38B82514E119005C446A /* ProfileViewController.swift */,
				F92F38C82514F682005C446A /* SettingViewController.swift */,
				F92F38CA2514F6B9005C446A /* InfoViewController.swift */,
			);
			path = ViewController;
			sourceTree = "<group>";
		};
		F92F38BD2514E393005C446A /* Login */ = {
			isa = PBXGroup;
			children = (
				F92F38BE2514E39E005C446A /* LoginViewController.swift */,
				F92F38C02514E3AA005C446A /* RegisterViewController.swift */,
			);
			path = Login;
			sourceTree = "<group>";
		};
		F92F38C22514E76E005C446A /* Resources */ = {
			isa = PBXGroup;
			children = (
				F92F38C32514E783005C446A /* Extension.swift */,
				F9B2452A2515E5B300E81389 /* DatabaseManager.swift */,
				F9B245302515ED8000E81389 /* StorageManager.swift */,
				F9B245412516051700E81389 /* ProfileViewModel.swift */,
			);
			path = Resources;
			sourceTree = "<group>";
		};
		F92F38C52514F634005C446A /* sidemenu */ = {
			isa = PBXGroup;
			children = (
				F92F38C62514F646005C446A /* SideMenu.swift */,
			);
			path = sidemenu;
			sourceTree = "<group>";
		};
		F9AAABA32514DC47007C703A = {
			isa = PBXGroup;
			children = (
				F9AAABAE2514DC47007C703A /* Hackathon */,
				F9AAABAD2514DC47007C703A /* Products */,
				D72A45513099218135922F06 /* Pods */,
				78AC651E25867CC94A08D096 /* Frameworks */,
			);
			sourceTree = "<group>";
		};
		F9AAABAD2514DC47007C703A /* Products */ = {
			isa = PBXGroup;
			children = (
				F9AAABAC2514DC47007C703A /* Hackathon.app */,
			);
			name = Products;
			sourceTree = "<group>";
		};
		F9AAABAE2514DC47007C703A /* Hackathon */ = {
			isa = PBXGroup;
			children = (
				F92F38BB2514E30C005C446A /* GoogleService-Info.plist */,
				F9AAABAF2514DC47007C703A /* AppDelegate.swift */,
				F9AAABB12514DC47007C703A /* SceneDelegate.swift */,
				F92F38C22514E76E005C446A /* Resources */,
				F9B245322515F01F00E81389 /* message */,
				F92F38BA2514E127005C446A /* ViewController */,
				F9AAABB52514DC47007C703A /* Main.storyboard */,
				F9AAABB82514DC48007C703A /* Assets.xcassets */,
				F9AAABBA2514DC48007C703A /* LaunchScreen.storyboard */,
				F9AAABBD2514DC48007C703A /* Info.plist */,
			);
			path = Hackathon;
			sourceTree = "<group>";
		};
		F9B245322515F01F00E81389 /* message */ = {
			isa = PBXGroup;
			children = (
				F9B245332515F05700E81389 /* ConversationsViewController.swift */,
				F9B245342515F05700E81389 /* ConversationsViewController.xib */,
				F9B245372515F2C400E81389 /* ConversationTableViewCell.swift */,
				F9B245392515F40800E81389 /* NewConversationViewController.swift */,
				F9B2453B2515F48300E81389 /* ChatViewController.swift */,
			);
			path = message;
			sourceTree = "<group>";
		};
/* End PBXGroup section */

/* Begin PBXNativeTarget section */
		F9AAABAB2514DC47007C703A /* Hackathon */ = {
			isa = PBXNativeTarget;
			buildConfigurationList = F9AAABC02514DC48007C703A /* Build configuration list for PBXNativeTarget "Hackathon" */;
			buildPhases = (
				C3F473DEA50FD0FE2C9AF2BD /* [CP] Check Pods Manifest.lock */,
				F9AAABA82514DC47007C703A /* Sources */,
				F9AAABA92514DC47007C703A /* Frameworks */,
				F9AAABAA2514DC47007C703A /* Resources */,
				70EFBF184C83DC6BE16F570C /* [CP] Embed Pods Frameworks */,
				282BF7CBA7B58B754E99DF97 /* [CP] Copy Pods Resources */,
			);
			buildRules = (
			);
			dependencies = (
			);
			name = Hackathon;
			productName = Hackathon;
			productReference = F9AAABAC2514DC47007C703A /* Hackathon.app */;
			productType = "com.apple.product-type.application";
		};
/* End PBXNativeTarget section */

/* Begin PBXProject section */
		F9AAABA42514DC47007C703A /* Project object */ = {
			isa = PBXProject;
			attributes = {
				LastSwiftUpdateCheck = 1170;
				LastUpgradeCheck = 1170;
				ORGANIZATIONNAME = "김수환";
				TargetAttributes = {
					F9AAABAB2514DC47007C703A = {
						CreatedOnToolsVersion = 11.7;
					};
				};
			};
			buildConfigurationList = F9AAABA72514DC47007C703A /* Build configuration list for PBXProject "Hackathon" */;
			compatibilityVersion = "Xcode 9.3";
			developmentRegion = en;
			hasScannedForEncodings = 0;
			knownRegions = (
				en,
				Base,
			);
			mainGroup = F9AAABA32514DC47007C703A;
			productRefGroup = F9AAABAD2514DC47007C703A /* Products */;
			projectDirPath = "";
			projectRoot = "";
			targets = (
				F9AAABAB2514DC47007C703A /* Hackathon */,
			);
		};
/* End PBXProject section */

/* Begin PBXResourcesBuildPhase section */
		F9AAABAA2514DC47007C703A /* Resources */ = {
			isa = PBXResourcesBuildPhase;
			buildActionMask = 2147483647;
			files = (
				F9B245362515F05700E81389 /* ConversationsViewController.xib in Resources */,
				F9AAABBC2514DC48007C703A /* LaunchScreen.storyboard in Resources */,
				F92F38BC2514E30D005C446A /* GoogleService-Info.plist in Resources */,
				F9AAABB92514DC48007C703A /* Assets.xcassets in Resources */,
				F9AAABB72514DC47007C703A /* Main.storyboard in Resources */,
			);
			runOnlyForDeploymentPostprocessing = 0;
		};
/* End PBXResourcesBuildPhase section */

/* Begin PBXShellScriptBuildPhase section */
		282BF7CBA7B58B754E99DF97 /* [CP] Copy Pods Resources */ = {
			isa = PBXShellScriptBuildPhase;
			buildActionMask = 2147483647;
			files = (
			);
			inputFileListPaths = (
				"${PODS_ROOT}/Target Support Files/Pods-Hackathon/Pods-Hackathon-resources-${CONFIGURATION}-input-files.xcfilelist",
			);
			name = "[CP] Copy Pods Resources";
			outputFileListPaths = (
				"${PODS_ROOT}/Target Support Files/Pods-Hackathon/Pods-Hackathon-resources-${CONFIGURATION}-output-files.xcfilelist",
			);
			runOnlyForDeploymentPostprocessing = 0;
			shellPath = /bin/sh;
			shellScript = "\"${PODS_ROOT}/Target Support Files/Pods-Hackathon/Pods-Hackathon-resources.sh\"\n";
			showEnvVarsInLog = 0;
		};
		70EFBF184C83DC6BE16F570C /* [CP] Embed Pods Frameworks */ = {
			isa = PBXShellScriptBuildPhase;
			buildActionMask = 2147483647;
			files = (
			);
			inputFileListPaths = (
				"${PODS_ROOT}/Target Support Files/Pods-Hackathon/Pods-Hackathon-frameworks-${CONFIGURATION}-input-files.xcfilelist",
			);
			name = "[CP] Embed Pods Frameworks";
			outputFileListPaths = (
				"${PODS_ROOT}/Target Support Files/Pods-Hackathon/Pods-Hackathon-frameworks-${CONFIGURATION}-output-files.xcfilelist",
			);
			runOnlyForDeploymentPostprocessing = 0;
			shellPath = /bin/sh;
			shellScript = "\"${PODS_ROOT}/Target Support Files/Pods-Hackathon/Pods-Hackathon-frameworks.sh\"\n";
			showEnvVarsInLog = 0;
		};
		C3F473DEA50FD0FE2C9AF2BD /* [CP] Check Pods Manifest.lock */ = {
			isa = PBXShellScriptBuildPhase;
			buildActionMask = 2147483647;
			files = (
			);
			inputFileListPaths = (
			);
			inputPaths = (
				"${PODS_PODFILE_DIR_PATH}/Podfile.lock",
				"${PODS_ROOT}/Manifest.lock",
			);
			name = "[CP] Check Pods Manifest.lock";
			outputFileListPaths = (
			);
			outputPaths = (
				"$(DERIVED_FILE_DIR)/Pods-Hackathon-checkManifestLockResult.txt",
			);
			runOnlyForDeploymentPostprocessing = 0;
			shellPath = /bin/sh;
			shellScript = "diff \"${PODS_PODFILE_DIR_PATH}/Podfile.lock\" \"${PODS_ROOT}/Manifest.lock\" > /dev/null\nif [ $? != 0 ] ; then\n    # print error to STDERR\n    echo \"error: The sandbox is not in sync with the Podfile.lock. Run 'pod install' or update your CocoaPods installation.\" >&2\n    exit 1\nfi\n# This output is used by Xcode 'outputs' to avoid re-running this script phase.\necho \"SUCCESS\" > \"${SCRIPT_OUTPUT_FILE_0}\"\n";
			showEnvVarsInLog = 0;
		};
/* End PBXShellScriptBuildPhase section */

/* Begin PBXSourcesBuildPhase section */
		F9AAABA82514DC47007C703A /* Sources */ = {
			isa = PBXSourcesBuildPhase;
			buildActionMask = 2147483647;
			files = (
				F92F38BF2514E39E005C446A /* LoginViewController.swift in Sources */,
				F92F38CB2514F6B9005C446A /* InfoViewController.swift in Sources */,
				F9B2453A2515F40800E81389 /* NewConversationViewController.swift in Sources */,
				F9AAABB42514DC47007C703A /* MainViewController.swift in Sources */,
				F92F38C12514E3AA005C446A /* RegisterViewController.swift in Sources */,
				F92F38C72514F646005C446A /* SideMenu.swift in Sources */,
				F9AAABB02514DC47007C703A /* AppDelegate.swift in Sources */,
				F92F38C92514F682005C446A /* SettingViewController.swift in Sources */,
				F92F38B92514E119005C446A /* ProfileViewController.swift in Sources */,
				F9B2452B2515E5B300E81389 /* DatabaseManager.swift in Sources */,
				F9B245352515F05700E81389 /* ConversationsViewController.swift in Sources */,
				F9B2453C2515F48300E81389 /* ChatViewController.swift in Sources */,
				F9B245422516051700E81389 /* ProfileViewModel.swift in Sources */,
				F92F38B72514E10F005C446A /* AddViewController.swift in Sources */,
				F9AAABB22514DC47007C703A /* SceneDelegate.swift in Sources */,
				F92F38C42514E783005C446A /* Extension.swift in Sources */,
				F9B245312515ED8000E81389 /* StorageManager.swift in Sources */,
				F9B245382515F2C400E81389 /* ConversationTableViewCell.swift in Sources */,
			);
			runOnlyForDeploymentPostprocessing = 0;
		};
/* End PBXSourcesBuildPhase section */

/* Begin PBXVariantGroup section */
		F9AAABB52514DC47007C703A /* Main.storyboard */ = {
			isa = PBXVariantGroup;
			children = (
				F9AAABB62514DC47007C703A /* Base */,
			);
			name = Main.storyboard;
			sourceTree = "<group>";
		};
		F9AAABBA2514DC48007C703A /* LaunchScreen.storyboard */ = {
			isa = PBXVariantGroup;
			children = (
				F9AAABBB2514DC48007C703A /* Base */,
			);
			name = LaunchScreen.storyboard;
			sourceTree = "<group>";
		};
/* End PBXVariantGroup section */

/* Begin XCBuildConfiguration section */
		F9AAABBE2514DC48007C703A /* Debug */ = {
			isa = XCBuildConfiguration;
			buildSettings = {
				ALWAYS_SEARCH_USER_PATHS = NO;
				CLANG_ANALYZER_NONNULL = YES;
				CLANG_ANALYZER_NUMBER_OBJECT_CONVERSION = YES_AGGRESSIVE;
				CLANG_CXX_LANGUAGE_STANDARD = "gnu++14";
				CLANG_CXX_LIBRARY = "libc++";
				CLANG_ENABLE_MODULES = YES;
				CLANG_ENABLE_OBJC_ARC = YES;
				CLANG_ENABLE_OBJC_WEAK = YES;
				CLANG_WARN_BLOCK_CAPTURE_AUTORELEASING = YES;
				CLANG_WARN_BOOL_CONVERSION = YES;
				CLANG_WARN_COMMA = YES;
				CLANG_WARN_CONSTANT_CONVERSION = YES;
				CLANG_WARN_DEPRECATED_OBJC_IMPLEMENTATIONS = YES;
				CLANG_WARN_DIRECT_OBJC_ISA_USAGE = YES_ERROR;
				CLANG_WARN_DOCUMENTATION_COMMENTS = YES;
				CLANG_WARN_EMPTY_BODY = YES;
				CLANG_WARN_ENUM_CONVERSION = YES;
				CLANG_WARN_INFINITE_RECURSION = YES;
				CLANG_WARN_INT_CONVERSION = YES;
				CLANG_WARN_NON_LITERAL_NULL_CONVERSION = YES;
				CLANG_WARN_OBJC_IMPLICIT_RETAIN_SELF = YES;
				CLANG_WARN_OBJC_LITERAL_CONVERSION = YES;
				CLANG_WARN_OBJC_ROOT_CLASS = YES_ERROR;
				CLANG_WARN_RANGE_LOOP_ANALYSIS = YES;
				CLANG_WARN_STRICT_PROTOTYPES = YES;
				CLANG_WARN_SUSPICIOUS_MOVE = YES;
				CLANG_WARN_UNGUARDED_AVAILABILITY = YES_AGGRESSIVE;
				CLANG_WARN_UNREACHABLE_CODE = YES;
				CLANG_WARN__DUPLICATE_METHOD_MATCH = YES;
				COPY_PHASE_STRIP = NO;
				DEBUG_INFORMATION_FORMAT = dwarf;
				ENABLE_STRICT_OBJC_MSGSEND = YES;
				ENABLE_TESTABILITY = YES;
				GCC_C_LANGUAGE_STANDARD = gnu11;
				GCC_DYNAMIC_NO_PIC = NO;
				GCC_NO_COMMON_BLOCKS = YES;
				GCC_OPTIMIZATION_LEVEL = 0;
				GCC_PREPROCESSOR_DEFINITIONS = (
					"DEBUG=1",
					"$(inherited)",
				);
				GCC_WARN_64_TO_32_BIT_CONVERSION = YES;
				GCC_WARN_ABOUT_RETURN_TYPE = YES_ERROR;
				GCC_WARN_UNDECLARED_SELECTOR = YES;
				GCC_WARN_UNINITIALIZED_AUTOS = YES_AGGRESSIVE;
				GCC_WARN_UNUSED_FUNCTION = YES;
				GCC_WARN_UNUSED_VARIABLE = YES;
				IPHONEOS_DEPLOYMENT_TARGET = 13.7;
				MTL_ENABLE_DEBUG_INFO = INCLUDE_SOURCE;
				MTL_FAST_MATH = YES;
				ONLY_ACTIVE_ARCH = YES;
				SDKROOT = iphoneos;
				SWIFT_ACTIVE_COMPILATION_CONDITIONS = DEBUG;
				SWIFT_OPTIMIZATION_LEVEL = "-Onone";
			};
			name = Debug;
		};
		F9AAABBF2514DC48007C703A /* Release */ = {
			isa = XCBuildConfiguration;
			buildSettings = {
				ALWAYS_SEARCH_USER_PATHS = NO;
				CLANG_ANALYZER_NONNULL = YES;
				CLANG_ANALYZER_NUMBER_OBJECT_CONVERSION = YES_AGGRESSIVE;
				CLANG_CXX_LANGUAGE_STANDARD = "gnu++14";
				CLANG_CXX_LIBRARY = "libc++";
				CLANG_ENABLE_MODULES = YES;
				CLANG_ENABLE_OBJC_ARC = YES;
				CLANG_ENABLE_OBJC_WEAK = YES;
				CLANG_WARN_BLOCK_CAPTURE_AUTORELEASING = YES;
				CLANG_WARN_BOOL_CONVERSION = YES;
				CLANG_WARN_COMMA = YES;
				CLANG_WARN_CONSTANT_CONVERSION = YES;
				CLANG_WARN_DEPRECATED_OBJC_IMPLEMENTATIONS = YES;
				CLANG_WARN_DIRECT_OBJC_ISA_USAGE = YES_ERROR;
				CLANG_WARN_DOCUMENTATION_COMMENTS = YES;
				CLANG_WARN_EMPTY_BODY = YES;
				CLANG_WARN_ENUM_CONVERSION = YES;
				CLANG_WARN_INFINITE_RECURSION = YES;
				CLANG_WARN_INT_CONVERSION = YES;
				CLANG_WARN_NON_LITERAL_NULL_CONVERSION = YES;
				CLANG_WARN_OBJC_IMPLICIT_RETAIN_SELF = YES;
				CLANG_WARN_OBJC_LITERAL_CONVERSION = YES;
				CLANG_WARN_OBJC_ROOT_CLASS = YES_ERROR;
				CLANG_WARN_RANGE_LOOP_ANALYSIS = YES;
				CLANG_WARN_STRICT_PROTOTYPES = YES;
				CLANG_WARN_SUSPICIOUS_MOVE = YES;
				CLANG_WARN_UNGUARDED_AVAILABILITY = YES_AGGRESSIVE;
				CLANG_WARN_UNREACHABLE_CODE = YES;
				CLANG_WARN__DUPLICATE_METHOD_MATCH = YES;
				COPY_PHASE_STRIP = NO;
				DEBUG_INFORMATION_FORMAT = "dwarf-with-dsym";
				ENABLE_NS_ASSERTIONS = NO;
				ENABLE_STRICT_OBJC_MSGSEND = YES;
				GCC_C_LANGUAGE_STANDARD = gnu11;
				GCC_NO_COMMON_BLOCKS = YES;
				GCC_WARN_64_TO_32_BIT_CONVERSION = YES;
				GCC_WARN_ABOUT_RETURN_TYPE = YES_ERROR;
				GCC_WARN_UNDECLARED_SELECTOR = YES;
				GCC_WARN_UNINITIALIZED_AUTOS = YES_AGGRESSIVE;
				GCC_WARN_UNUSED_FUNCTION = YES;
				GCC_WARN_UNUSED_VARIABLE = YES;
				IPHONEOS_DEPLOYMENT_TARGET = 13.7;
				MTL_ENABLE_DEBUG_INFO = NO;
				MTL_FAST_MATH = YES;
				SDKROOT = iphoneos;
				SWIFT_COMPILATION_MODE = wholemodule;
				SWIFT_OPTIMIZATION_LEVEL = "-O";
				VALIDATE_PRODUCT = YES;
			};
			name = Release;
		};
		F9AAABC12514DC48007C703A /* Debug */ = {
			isa = XCBuildConfiguration;
			baseConfigurationReference = 759B64F1A4EB1ED7BF11FB33 /* Pods-Hackathon.debug.xcconfig */;
			buildSettings = {
				ASSETCATALOG_COMPILER_APPICON_NAME = AppIcon;
				CODE_SIGN_STYLE = Automatic;
				INFOPLIST_FILE = Hackathon/Info.plist;
				LD_RUNPATH_SEARCH_PATHS = (
					"$(inherited)",
					"@executable_path/Frameworks",
				);
				PRODUCT_BUNDLE_IDENTIFIER = com.tkgka.Hackathon;
				PRODUCT_NAME = "$(TARGET_NAME)";
				SWIFT_VERSION = 5.0;
				TARGETED_DEVICE_FAMILY = "1,2";
			};
			name = Debug;
		};
		F9AAABC22514DC48007C703A /* Release */ = {
			isa = XCBuildConfiguration;
			baseConfigurationReference = ED0B93EA04BED435E599C70F /* Pods-Hackathon.release.xcconfig */;
			buildSettings = {
				ASSETCATALOG_COMPILER_APPICON_NAME = AppIcon;
				CODE_SIGN_STYLE = Automatic;
				INFOPLIST_FILE = Hackathon/Info.plist;
				LD_RUNPATH_SEARCH_PATHS = (
					"$(inherited)",
					"@executable_path/Frameworks",
				);
				PRODUCT_BUNDLE_IDENTIFIER = com.tkgka.Hackathon;
				PRODUCT_NAME = "$(TARGET_NAME)";
				SWIFT_VERSION = 5.0;
				TARGETED_DEVICE_FAMILY = "1,2";
			};
			name = Release;
		};
/* End XCBuildConfiguration section */

/* Begin XCConfigurationList section */
		F9AAABA72514DC47007C703A /* Build configuration list for PBXProject "Hackathon" */ = {
			isa = XCConfigurationList;
			buildConfigurations = (
				F9AAABBE2514DC48007C703A /* Debug */,
				F9AAABBF2514DC48007C703A /* Release */,
			);
			defaultConfigurationIsVisible = 0;
			defaultConfigurationName = Release;
		};
		F9AAABC02514DC48007C703A /* Build configuration list for PBXNativeTarget "Hackathon" */ = {
			isa = XCConfigurationList;
			buildConfigurations = (
				F9AAABC12514DC48007C703A /* Debug */,
				F9AAABC22514DC48007C703A /* Release */,
			);
			defaultConfigurationIsVisible = 0;
			defaultConfigurationName = Release;
		};
/* End XCConfigurationList section */
	};
	rootObject = F9AAABA42514DC47007C703A /* Project object */;
}
